{
  "version": 4,
  "terraform_version": "1.14.8",
  "serial": 126,
  "lineage": "e7266fc5-ac17-542a-ddf4-0394a28a1a66",
  "outputs": {
    "dev_vm_private_ips": {
      "value": {
        "luka.lukic": "10.1.1.4",
        "marko.markovic": "10.2.1.4"
      },
      "type": [
        "object",
        {
          "luka.lukic": "string",
          "marko.markovic": "string"
        }
      ]
    },
    "jump_host_public_ip": {
      "value": "20.111.10.175",
      "type": "string"
    },
    "load_balancer_public_ip": {
      "value": "20.216.166.15",
      "type": "string"
    },
    "resource_groups": {
      "value": {
        "luka.lukic": "ts-test-rg-luka.lukic",
        "marko.markovic": "ts-test-rg-marko.markovic",
        "shared": "ts-test-rg-shared"
      },
      "type": [
        "object",
        {
          "luka.lukic": "string",
          "marko.markovic": "string",
          "shared": "string"
        }
      ]
    },
    "storage_account_names": {
      "value": {
        "luka.lukic": "tslukalukicsa",
        "marko.markovic": "tsmarkomarkovicsa"
      },
      "type": [
        "object",
        {
          "luka.lukic": "string",
          "marko.markovic": "string"
        }
      ]
    }
  },
  "resources": [
    {
      "mode": "data",
      "type": "azurerm_client_config",
      "name": "current",
      "provider": "provider[\"registry.terraform.io/hashicorp/azurerm\"]",
      "instances": [
        {
          "schema_version": 0,
          "attributes": {
            "client_id": "04b07795-8ddb-461a-bbee-02f9e1bf7b46",
            "id": "Y2xpZW50Q29uZmlncy9jbGllbnRJZD0wNGIwNzc5NS04ZGRiLTQ2MWEtYmJlZS0wMmY5ZTFiZjdiNDY7b2JqZWN0SWQ9YWY0Mjc0ZWMtOWI1Yi00ZDZjLWJkYWMtODhmM2E1NmMzNTBmO3N1YnNjcmlwdGlvbklkPWU0MTAxZDYyLTA1MzYtNGJkMi04ZGM4LWU2NjkzZjEzNDYwNDt0ZW5hbnRJZD1kOTc0YjRkZi1lZWMyLTQzM2UtYTkxOC0zZmUxODQxMjczNWY=",
            "object_id": "af4274ec-9b5b-4d6c-bdac-88f3a56c350f",
            "subscription_id": "e4101d62-0536-4bd2-8dc8-e6693f134604",
            "tenant_id": "d974b4df-eec2-433e-a918-3fe18412735f",
            "timeouts": null
          },
          "sensitive_attributes": [],
          "identity_schema_version": 0
        }
      ]
    },
    {
      "mode": "data",
      "type": "azurerm_subscription",
      "name": "current",
      "provider": "provider[\"registry.terraform.io/hashicorp/azurerm\"]",
      "instances": [
        {
          "schema_version": 0,
          "attributes": {
            "display_name": "Azure for Students",
            "id": "/subscriptions/e4101d62-0536-4bd2-8dc8-e6693f134604",
            "location_placement_id": "Public_2014-09-01",
            "quota_id": "AzureForStudents_2018-01-01",
            "spending_limit": "On",
            "state": "Enabled",
            "subscription_id": "e4101d62-0536-4bd2-8dc8-e6693f134604",
            "tags": {},
            "tenant_id": "d974b4df-eec2-433e-a918-3fe18412735f",
            "timeouts": null
          },
          "sensitive_attributes": [],
          "identity_schema_version": 0
        }
      ]
    },
    {
      "mode": "managed",
      "type": "azurerm_lb",
      "name": "main",
      "provider": "provider[\"registry.terraform.io/hashicorp/azurerm\"]",
      "instances": [
        {
          "schema_version": 0,
          "attributes": {
            "edge_zone": "",
            "frontend_ip_configuration": [
              {
                "gateway_load_balancer_frontend_ip_configuration_id": "",
                "id": "/subscriptions/e4101d62-0536-4bd2-8dc8-e6693f134604/resourceGroups/ts-test-rg-shared/providers/Microsoft.Network/loadBalancers/ts-test-lb/frontendIPConfigurations/frontend",
                "inbound_nat_rules": [],
                "load_balancer_rules": [],
                "name": "frontend",
                "outbound_rules": [],
                "private_ip_address": "",
                "private_ip_address_allocation": "Dynamic",
                "private_ip_address_version": "",
                "public_ip_address_id": "/subscriptions/e4101d62-0536-4bd2-8dc8-e6693f134604/resourceGroups/ts-test-rg-shared/providers/Microsoft.Network/publicIPAddresses/ts-test-pip-lb",
                "public_ip_prefix_id": "",
                "subnet_id": "",
                "zones": null
              }
            ],
            "id": "/subscriptions/e4101d62-0536-4bd2-8dc8-e6693f134604/resourceGroups/ts-test-rg-shared/providers/Microsoft.Network/loadBalancers/ts-test-lb",
            "location": "francecentral",
            "name": "ts-test-lb",
            "private_ip_address": "",
            "private_ip_addresses": [],
            "resource_group_name": "ts-test-rg-shared",
            "sku": "Standard",
            "sku_tier": "Regional",
            "tags": {
              "environment": "testing",
              "project": "techsprint"
            },
            "timeouts": null
          },
          "sensitive_attributes": [],
          "identity_schema_version": 0,
          "private": "eyJlMmJmYjczMC1lY2FhLTExZTYtOGY4OC0zNDM2M2JjN2M0YzAiOnsiY3JlYXRlIjoxODAwMDAwMDAwMDAwLCJkZWxldGUiOjE4MDAwMDAwMDAwMDAsInJlYWQiOjMwMDAwMDAwMDAwMCwidXBkYXRlIjoxODAwMDAwMDAwMDAwfX0=",
          "dependencies": [
            "azurerm_public_ip.lb",
            "azurerm_resource_group.shared"
          ]
        }
      ]
    },
    {
      "mode": "managed",
      "type": "azurerm_lb_backend_address_pool",
      "name": "moodle",
      "provider": "provider[\"registry.terraform.io/hashicorp/azurerm\"]",
      "instances": [
        {
          "schema_version": 0,
          "attributes": {
            "backend_ip_configurations": [],
            "id": "/subscriptions/e4101d62-0536-4bd2-8dc8-e6693f134604/resourceGroups/ts-test-rg-shared/providers/Microsoft.Network/loadBalancers/ts-test-lb/backendAddressPools/backend-moodle",
            "inbound_nat_rules": [],
            "load_balancing_rules": [],
            "loadbalancer_id": "/subscriptions/e4101d62-0536-4bd2-8dc8-e6693f134604/resourceGroups/ts-test-rg-shared/providers/Microsoft.Network/loadBalancers/ts-test-lb",
            "name": "backend-moodle",
            "outbound_rules": [],
            "synchronous_mode": "",
            "timeouts": null,
            "tunnel_interface": [],
            "virtual_network_id": ""
          },
          "sensitive_attributes": [],
          "identity_schema_version": 0,
          "private": "eyJlMmJmYjczMC1lY2FhLTExZTYtOGY4OC0zNDM2M2JjN2M0YzAiOnsiY3JlYXRlIjoxODAwMDAwMDAwMDAwLCJkZWxldGUiOjE4MDAwMDAwMDAwMDAsInJlYWQiOjMwMDAwMDAwMDAwMCwidXBkYXRlIjoxODAwMDAwMDAwMDAwfX0=",
          "dependencies": [
            "azurerm_lb.main",
            "azurerm_public_ip.lb",
            "azurerm_resource_group.shared"
          ]
        }
      ]
    },
    {
      "mode": "managed",
      "type": "azurerm_lb_probe",
      "name": "http",
      "provider": "provider[\"registry.terraform.io/hashicorp/azurerm\"]",
      "instances": [
        {
          "schema_version": 0,
          "attributes": {
            "id": "/subscriptions/e4101d62-0536-4bd2-8dc8-e6693f134604/resourceGroups/ts-test-rg-shared/providers/Microsoft.Network/loadBalancers/ts-test-lb/probes/probe-http",
            "interval_in_seconds": 15,
            "load_balancer_rules": [],
            "loadbalancer_id": "/subscriptions/e4101d62-0536-4bd2-8dc8-e6693f134604/resourceGroups/ts-test-rg-shared/providers/Microsoft.Network/loadBalancers/ts-test-lb",
            "name": "probe-http",
            "number_of_probes": 2,
            "port": 80,
            "probe_threshold": 1,
            "protocol": "Http",
            "request_path": "/login/index.php",
            "timeouts": null
          },
          "sensitive_attributes": [],
          "identity_schema_version": 0,
          "private": "eyJlMmJmYjczMC1lY2FhLTExZTYtOGY4OC0zNDM2M2JjN2M0YzAiOnsiY3JlYXRlIjoxODAwMDAwMDAwMDAwLCJkZWxldGUiOjE4MDAwMDAwMDAwMDAsInJlYWQiOjMwMDAwMDAwMDAwMCwidXBkYXRlIjoxODAwMDAwMDAwMDAwfX0=",
          "dependencies": [
            "azurerm_lb.main",
            "azurerm_public_ip.lb",
            "azurerm_resource_group.shared"
          ]
        }
      ]
    },
    {
      "mode": "managed",
      "type": "azurerm_lb_rule",
      "name": "http",
      "provider": "provider[\"registry.terraform.io/hashicorp/azurerm\"]",
      "instances": [
        {
          "schema_version": 0,
          "attributes": {
            "backend_address_pool_ids": [
              "/subscriptions/e4101d62-0536-4bd2-8dc8-e6693f134604/resourceGroups/ts-test-rg-shared/providers/Microsoft.Network/loadBalancers/ts-test-lb/backendAddressPools/backend-moodle"
            ],
            "backend_port": 80,
            "disable_outbound_snat": false,
            "enable_floating_ip": false,
            "enable_tcp_reset": false,
            "frontend_ip_configuration_id": "/subscriptions/e4101d62-0536-4bd2-8dc8-e6693f134604/resourceGroups/ts-test-rg-shared/providers/Microsoft.Network/loadBalancers/ts-test-lb/frontendIPConfigurations/frontend",
            "frontend_ip_configuration_name": "frontend",
            "frontend_port": 80,
            "id": "/subscriptions/e4101d62-0536-4bd2-8dc8-e6693f134604/resourceGroups/ts-test-rg-shared/providers/Microsoft.Network/loadBalancers/ts-test-lb/loadBalancingRules/rule-http",
            "idle_timeout_in_minutes": 4,
            "load_distribution": "Default",
            "loadbalancer_id": "/subscriptions/e4101d62-0536-4bd2-8dc8-e6693f134604/resourceGroups/ts-test-rg-shared/providers/Microsoft.Network/loadBalancers/ts-test-lb",
            "name": "rule-http",
            "probe_id": "/subscriptions/e4101d62-0536-4bd2-8dc8-e6693f134604/resourceGroups/ts-test-rg-shared/providers/Microsoft.Network/loadBalancers/ts-test-lb/probes/probe-http",
            "protocol": "Tcp",
            "timeouts": null
          },
          "sensitive_attributes": [],
          "identity_schema_version": 0,
          "private": "eyJlMmJmYjczMC1lY2FhLTExZTYtOGY4OC0zNDM2M2JjN2M0YzAiOnsiY3JlYXRlIjoxODAwMDAwMDAwMDAwLCJkZWxldGUiOjE4MDAwMDAwMDAwMDAsInJlYWQiOjMwMDAwMDAwMDAwMCwidXBkYXRlIjoxODAwMDAwMDAwMDAwfX0=",
          "dependencies": [
            "azurerm_lb.main",
            "azurerm_lb_backend_address_pool.moodle",
            "azurerm_lb_probe.http",
            "azurerm_public_ip.lb",
            "azurerm_resource_group.shared"
          ]
        }
      ]
    },
    {
      "mode": "managed",
      "type": "azurerm_lb_rule",
      "name": "https",
      "provider": "provider[\"registry.terraform.io/hashicorp/azurerm\"]",
      "instances": [
        {
          "schema_version": 0,
          "attributes": {
            "backend_address_pool_ids": [
              "/subscriptions/e4101d62-0536-4bd2-8dc8-e6693f134604/resourceGroups/ts-test-rg-shared/providers/Microsoft.Network/loadBalancers/ts-test-lb/backendAddressPools/backend-moodle"
            ],
            "backend_port": 443,
            "disable_outbound_snat": false,
            "enable_floating_ip": false,
            "enable_tcp_reset": false,
            "frontend_ip_configuration_id": "/subscriptions/e4101d62-0536-4bd2-8dc8-e6693f134604/resourceGroups/ts-test-rg-shared/providers/Microsoft.Network/loadBalancers/ts-test-lb/frontendIPConfigurations/frontend",
            "frontend_ip_configuration_name": "frontend",
            "frontend_port": 443,
            "id": "/subscriptions/e4101d62-0536-4bd2-8dc8-e6693f134604/resourceGroups/ts-test-rg-shared/providers/Microsoft.Network/loadBalancers/ts-test-lb/loadBalancingRules/rule-https",
            "idle_timeout_in_minutes": 4,
            "load_distribution": "Default",
            "loadbalancer_id": "/subscriptions/e4101d62-0536-4bd2-8dc8-e6693f134604/resourceGroups/ts-test-rg-shared/providers/Microsoft.Network/loadBalancers/ts-test-lb",
            "name": "rule-https",
            "probe_id": "/subscriptions/e4101d62-0536-4bd2-8dc8-e6693f134604/resourceGroups/ts-test-rg-shared/providers/Microsoft.Network/loadBalancers/ts-test-lb/probes/probe-http",
            "protocol": "Tcp",
            "timeouts": null
          },
          "sensitive_attributes": [],
          "identity_schema_version": 0,
          "private": "eyJlMmJmYjczMC1lY2FhLTExZTYtOGY4OC0zNDM2M2JjN2M0YzAiOnsiY3JlYXRlIjoxODAwMDAwMDAwMDAwLCJkZWxldGUiOjE4MDAwMDAwMDAwMDAsInJlYWQiOjMwMDAwMDAwMDAwMCwidXBkYXRlIjoxODAwMDAwMDAwMDAwfX0=",
          "dependencies": [
            "azurerm_lb.main",
            "azurerm_lb_backend_address_pool.moodle",
            "azurerm_lb_probe.http",
            "azurerm_public_ip.lb",
            "azurerm_resource_group.shared"
          ]
        }
      ]
    },
    {
      "mode": "managed",
      "type": "azurerm_linux_virtual_machine",
      "name": "dev_vm",
      "provider": "provider[\"registry.terraform.io/hashicorp/azurerm\"]",
      "instances": [
        {
          "index_key": "luka.lukic",
          "schema_version": 0,
          "attributes": {
            "additional_capabilities": [],
            "admin_password": null,
            "admin_ssh_key": [
              {
                "public_key": "ssh-rsa AAAAB3NzaC1yc2EAAAADAQABAAACAQDN2qI3hl+3L/iCmrQ5eeqJy9BMVaQl0sCw5KRGSRJFPIr+zvVexpKiLnf9trEWVbUyNDsCP0Y+ltslswWPA00BmCA7Y4QWffYdVxiQB4Embl/8IfUnNKdev/8S6jpUVe0dFnISF9kZgf8ai0Tf/Dh/P+EULuJklHqYFW2ymAzMt/0VVk3avDMsWRooijOXgyu+1c7d0JKtd8xqABZ3FI6yNgtImq/PTtBd3wQJHzxLKCkcrxLjJ3AtkTYjk3KcdCQavQE1YC9KHo/FzL+ebArlFHVHp7abq6u7HVXhRBOOYzqqL38GmJyYUkwlAEBe8k+deWLKBCHhCyBpL2gOvb4ut66TaXWqzRK0Rmutqbhhjb0O+Wvutv4YtxKiyxlE++Q0Gtq7IX+B2/W1iB2htk8ejxkm+addaKNe3I3rqWAZjAm3QOVmIuMY3YMS6NR5eiK0LP7bS+uqvNi1aOR40baEeScwGNARRgP7Wui1VjtX2F/EmTjxQbMgFSHEsscYVMjh/pxCUt0427vMSWmNK8m9p6gglM8MWOyWJ3pDNPk6WKJpRSaXTjGNfiKqP9BB//yycnSEnTsVPdZg7x2DdAQWBBJUhYeeAh9xTWJSRIdd/qTTT3vogtjJrKFQDyZXgMPXj8ACr4PRBcKh95PkpQch+8pz2EIhqZZlouCxfrMuiw== marin@Marin",
                "username": "azureadmin"
              }
            ],
            "admin_username": "azureadmin",
            "allow_extension_operations": true,
            "availability_set_id": "",
            "boot_diagnostics": [],
            "bypass_platform_safety_checks_on_user_schedule_enabled": false,
            "capacity_reservation_group_id": "",
            "computer_name": "ts-test-vm-luka.lukic",
            "custom_data": null,
            "dedicated_host_group_id": "",
            "dedicated_host_id": "",
            "disable_password_authentication": true,
            "disk_controller_type": "SCSI",
            "edge_zone": "",
            "encryption_at_host_enabled": false,
            "eviction_policy": "",
            "extensions_time_budget": "PT1H30M",
            "gallery_application": [],
            "id": "/subscriptions/e4101d62-0536-4bd2-8dc8-e6693f134604/resourceGroups/ts-test-rg-luka.lukic/providers/Microsoft.Compute/virtualMachines/ts-test-vm-luka.lukic",
            "identity": [
              {
                "identity_ids": null,
                "principal_id": "f459d50a-743f-47c1-8397-2a16afe060d8",
                "tenant_id": "d974b4df-eec2-433e-a918-3fe18412735f",
                "type": "SystemAssigned"
              }
            ],
            "license_type": "",
            "location": "francecentral",
            "max_bid_price": -1,
            "name": "ts-test-vm-luka.lukic",
            "network_interface_ids": [
              "/subscriptions/e4101d62-0536-4bd2-8dc8-e6693f134604/resourceGroups/ts-test-rg-luka.lukic/providers/Microsoft.Network/networkInterfaces/ts-test-nic-luka.lukic"
            ],
            "os_disk": [
              {
                "caching": "ReadWrite",
                "diff_disk_settings": [],
                "disk_encryption_set_id": "",
                "disk_size_gb": 30,
                "name": "ts-test-osdisk-luka.lukic",
                "secure_vm_disk_encryption_set_id": "",
                "security_encryption_type": "",
                "storage_account_type": "Standard_LRS",
                "write_accelerator_enabled": false
              }
            ],
            "os_image_notification": [],
            "patch_assessment_mode": "ImageDefault",
            "patch_mode": "ImageDefault",
            "plan": [],
            "platform_fault_domain": -1,
            "priority": "Regular",
            "private_ip_address": "10.1.1.4",
            "private_ip_addresses": [
              "10.1.1.4"
            ],
            "provision_vm_agent": true,
            "proximity_placement_group_id": "",
            "public_ip_address": "",
            "public_ip_addresses": [],
            "reboot_setting": "",
            "resource_group_name": "ts-test-rg-luka.lukic",
            "secret": [],
            "secure_boot_enabled": false,
            "size": "Standard_B1s",
            "source_image_id": "",
            "source_image_reference": [
              {
                "offer": "CentOS",
                "publisher": "OpenLogic",
                "sku": "8_5-gen2",
                "version": "latest"
              }
            ],
            "tags": {
              "environment": "testing",
              "owner": "luka.lukic",
              "project": "techsprint",
              "role": "developer"
            },
            "termination_notification": null,
            "timeouts": null,
            "user_data": "",
            "virtual_machine_id": "0c241f22-3793-4e93-8fbd-64b4e8711bc8",
            "virtual_machine_scale_set_id": "",
            "vm_agent_platform_updates_enabled": false,
            "vtpm_enabled": false,
            "zone": ""
          },
          "sensitive_attributes": [
            [
              {
                "type": "get_attr",
                "value": "admin_password"
              }
            ],
            [
              {
                "type": "get_attr",
                "value": "custom_data"
              }
            ]
          ],
          "identity_schema_version": 0,
          "private": "eyJlMmJmYjczMC1lY2FhLTExZTYtOGY4OC0zNDM2M2JjN2M0YzAiOnsiY3JlYXRlIjoyNzAwMDAwMDAwMDAwLCJkZWxldGUiOjI3MDAwMDAwMDAwMDAsInJlYWQiOjMwMDAwMDAwMDAwMCwidXBkYXRlIjoyNzAwMDAwMDAwMDAwfX0=",
          "dependencies": [
            "azurerm_network_interface.dev_vm",
            "azurerm_resource_group.dev",
            "azurerm_subnet.dev_app",
            "azurerm_virtual_network.dev"
          ]
        },
        {
          "index_key": "marko.markovic",
          "schema_version": 0,
          "attributes": {
            "additional_capabilities": [],
            "admin_password": null,
            "admin_ssh_key": [
              {
                "public_key": "ssh-rsa AAAAB3NzaC1yc2EAAAADAQABAAACAQDN2qI3hl+3L/iCmrQ5eeqJy9BMVaQl0sCw5KRGSRJFPIr+zvVexpKiLnf9trEWVbUyNDsCP0Y+ltslswWPA00BmCA7Y4QWffYdVxiQB4Embl/8IfUnNKdev/8S6jpUVe0dFnISF9kZgf8ai0Tf/Dh/P+EULuJklHqYFW2ymAzMt/0VVk3avDMsWRooijOXgyu+1c7d0JKtd8xqABZ3FI6yNgtImq/PTtBd3wQJHzxLKCkcrxLjJ3AtkTYjk3KcdCQavQE1YC9KHo/FzL+ebArlFHVHp7abq6u7HVXhRBOOYzqqL38GmJyYUkwlAEBe8k+deWLKBCHhCyBpL2gOvb4ut66TaXWqzRK0Rmutqbhhjb0O+Wvutv4YtxKiyxlE++Q0Gtq7IX+B2/W1iB2htk8ejxkm+addaKNe3I3rqWAZjAm3QOVmIuMY3YMS6NR5eiK0LP7bS+uqvNi1aOR40baEeScwGNARRgP7Wui1VjtX2F/EmTjxQbMgFSHEsscYVMjh/pxCUt0427vMSWmNK8m9p6gglM8MWOyWJ3pDNPk6WKJpRSaXTjGNfiKqP9BB//yycnSEnTsVPdZg7x2DdAQWBBJUhYeeAh9xTWJSRIdd/qTTT3vogtjJrKFQDyZXgMPXj8ACr4PRBcKh95PkpQch+8pz2EIhqZZlouCxfrMuiw== marin@Marin",
                "username": "azureadmin"
              }
            ],
            "admin_username": "azureadmin",
            "allow_extension_operations": true,
            "availability_set_id": "",
            "boot_diagnostics": [],
            "bypass_platform_safety_checks_on_user_schedule_enabled": false,
            "capacity_reservation_group_id": "",
            "computer_name": "ts-test-vm-marko.markovic",
            "custom_data": null,
            "dedicated_host_group_id": "",
            "dedicated_host_id": "",
            "disable_password_authentication": true,
            "disk_controller_type": "SCSI",
            "edge_zone": "",
            "encryption_at_host_enabled": false,
            "eviction_policy": "",
            "extensions_time_budget": "PT1H30M",
            "gallery_application": [],
            "id": "/subscriptions/e4101d62-0536-4bd2-8dc8-e6693f134604/resourceGroups/ts-test-rg-marko.markovic/providers/Microsoft.Compute/virtualMachines/ts-test-vm-marko.markovic",
            "identity": [
              {
                "identity_ids": null,
                "principal_id": "bb7a0ca3-10c2-4f19-b4ea-ca992c2b94ef",
                "tenant_id": "d974b4df-eec2-433e-a918-3fe18412735f",
                "type": "SystemAssigned"
              }
            ],
            "license_type": "",
            "location": "francecentral",
            "max_bid_price": -1,
            "name": "ts-test-vm-marko.markovic",
            "network_interface_ids": [
              "/subscriptions/e4101d62-0536-4bd2-8dc8-e6693f134604/resourceGroups/ts-test-rg-marko.markovic/providers/Microsoft.Network/networkInterfaces/ts-test-nic-marko.markovic"
            ],
            "os_disk": [
              {
                "caching": "ReadWrite",
                "diff_disk_settings": [],
                "disk_encryption_set_id": "",
                "disk_size_gb": 30,
                "name": "ts-test-osdisk-marko.markovic",
                "secure_vm_disk_encryption_set_id": "",
                "security_encryption_type": "",
                "storage_account_type": "Standard_LRS",
                "write_accelerator_enabled": false
              }
            ],
            "os_image_notification": [],
            "patch_assessment_mode": "ImageDefault",
            "patch_mode": "ImageDefault",
            "plan": [],
            "platform_fault_domain": -1,
            "priority": "Regular",
            "private_ip_address": "10.2.1.4",
            "private_ip_addresses": [
              "10.2.1.4"
            ],
            "provision_vm_agent": true,
            "proximity_placement_group_id": "",
            "public_ip_address": "",
            "public_ip_addresses": [],
            "reboot_setting": "",
            "resource_group_name": "ts-test-rg-marko.markovic",
            "secret": [],
            "secure_boot_enabled": false,
            "size": "Standard_B1s",
            "source_image_id": "",
            "source_image_reference": [
              {
                "offer": "CentOS",
                "publisher": "OpenLogic",
                "sku": "8_5-gen2",
                "version": "latest"
              }
            ],
            "tags": {
              "environment": "testing",
              "owner": "marko.markovic",
              "project": "techsprint",
              "role": "developer"
            },
            "termination_notification": null,
            "timeouts": null,
            "user_data": "",
            "virtual_machine_id": "7d21c2ec-772b-48ad-b557-239ff31a113a",
            "virtual_machine_scale_set_id": "",
            "vm_agent_platform_updates_enabled": false,
            "vtpm_enabled": false,
            "zone": ""
          },
          "sensitive_attributes": [
            [
              {
                "type": "get_attr",
                "value": "admin_password"
              }
            ],
            [
              {
                "type": "get_attr",
                "value": "custom_data"
              }
            ]
          ],
          "identity_schema_version": 0,
          "private": "eyJlMmJmYjczMC1lY2FhLTExZTYtOGY4OC0zNDM2M2JjN2M0YzAiOnsiY3JlYXRlIjoyNzAwMDAwMDAwMDAwLCJkZWxldGUiOjI3MDAwMDAwMDAwMDAsInJlYWQiOjMwMDAwMDAwMDAwMCwidXBkYXRlIjoyNzAwMDAwMDAwMDAwfX0=",
          "dependencies": [
            "azurerm_network_interface.dev_vm",
            "azurerm_resource_group.dev",
            "azurerm_subnet.dev_app",
            "azurerm_virtual_network.dev"
          ]
        }
      ]
    },
    {
      "mode": "managed",
      "type": "azurerm_linux_virtual_machine",
      "name": "jump",
      "provider": "provider[\"registry.terraform.io/hashicorp/azurerm\"]",
      "instances": [
        {
          "schema_version": 0,
          "attributes": {
            "additional_capabilities": [],
            "admin_password": null,
            "admin_ssh_key": [
              {
                "public_key": "ssh-rsa AAAAB3NzaC1yc2EAAAADAQABAAACAQDN2qI3hl+3L/iCmrQ5eeqJy9BMVaQl0sCw5KRGSRJFPIr+zvVexpKiLnf9trEWVbUyNDsCP0Y+ltslswWPA00BmCA7Y4QWffYdVxiQB4Embl/8IfUnNKdev/8S6jpUVe0dFnISF9kZgf8ai0Tf/Dh/P+EULuJklHqYFW2ymAzMt/0VVk3avDMsWRooijOXgyu+1c7d0JKtd8xqABZ3FI6yNgtImq/PTtBd3wQJHzxLKCkcrxLjJ3AtkTYjk3KcdCQavQE1YC9KHo/FzL+ebArlFHVHp7abq6u7HVXhRBOOYzqqL38GmJyYUkwlAEBe8k+deWLKBCHhCyBpL2gOvb4ut66TaXWqzRK0Rmutqbhhjb0O+Wvutv4YtxKiyxlE++Q0Gtq7IX+B2/W1iB2htk8ejxkm+addaKNe3I3rqWAZjAm3QOVmIuMY3YMS6NR5eiK0LP7bS+uqvNi1aOR40baEeScwGNARRgP7Wui1VjtX2F/EmTjxQbMgFSHEsscYVMjh/pxCUt0427vMSWmNK8m9p6gglM8MWOyWJ3pDNPk6WKJpRSaXTjGNfiKqP9BB//yycnSEnTsVPdZg7x2DdAQWBBJUhYeeAh9xTWJSRIdd/qTTT3vogtjJrKFQDyZXgMPXj8ACr4PRBcKh95PkpQch+8pz2EIhqZZlouCxfrMuiw== marin@Marin",
                "username": "azureadmin"
              }
            ],
            "admin_username": "azureadmin",
            "allow_extension_operations": true,
            "availability_set_id": "",
            "boot_diagnostics": [],
            "bypass_platform_safety_checks_on_user_schedule_enabled": false,
            "capacity_reservation_group_id": "",
            "computer_name": "ts-test-vm-jump",
            "custom_data": null,
            "dedicated_host_group_id": "",
            "dedicated_host_id": "",
            "disable_password_authentication": true,
            "disk_controller_type": "SCSI",
            "edge_zone": "",
            "encryption_at_host_enabled": false,
            "eviction_policy": "",
            "extensions_time_budget": "PT1H30M",
            "gallery_application": [],
            "id": "/subscriptions/e4101d62-0536-4bd2-8dc8-e6693f134604/resourceGroups/ts-test-rg-shared/providers/Microsoft.Compute/virtualMachines/ts-test-vm-jump",
            "identity": [],
            "license_type": "",
            "location": "francecentral",
            "max_bid_price": -1,
            "name": "ts-test-vm-jump",
            "network_interface_ids": [
              "/subscriptions/e4101d62-0536-4bd2-8dc8-e6693f134604/resourceGroups/ts-test-rg-shared/providers/Microsoft.Network/networkInterfaces/ts-test-nic-jump"
            ],
            "os_disk": [
              {
                "caching": "ReadWrite",
                "diff_disk_settings": [],
                "disk_encryption_set_id": "",
                "disk_size_gb": 30,
                "name": "ts-test-osdisk-jump",
                "secure_vm_disk_encryption_set_id": "",
                "security_encryption_type": "",
                "storage_account_type": "Standard_LRS",
                "write_accelerator_enabled": false
              }
            ],
            "os_image_notification": [],
            "patch_assessment_mode": "ImageDefault",
            "patch_mode": "ImageDefault",
            "plan": [],
            "platform_fault_domain": -1,
            "priority": "Regular",
            "private_ip_address": "10.0.1.4",
            "private_ip_addresses": [
              "10.0.1.4"
            ],
            "provision_vm_agent": true,
            "proximity_placement_group_id": "",
            "public_ip_address": "20.111.10.175",
            "public_ip_addresses": [
              "20.111.10.175"
            ],
            "reboot_setting": "",
            "resource_group_name": "ts-test-rg-shared",
            "secret": [],
            "secure_boot_enabled": false,
            "size": "Standard_B1s",
            "source_image_id": "",
            "source_image_reference": [
              {
                "offer": "CentOS",
                "publisher": "OpenLogic",
                "sku": "8_5-gen2",
                "version": "latest"
              }
            ],
            "tags": {
              "environment": "testing",
              "project": "techsprint"
            },
            "termination_notification": null,
            "timeouts": null,
            "user_data": "",
            "virtual_machine_id": "3b091889-4ed4-4484-9e63-c1cfd1210d8c",
            "virtual_machine_scale_set_id": "",
            "vm_agent_platform_updates_enabled": false,
            "vtpm_enabled": false,
            "zone": ""
          },
          "sensitive_attributes": [
            [
              {
                "type": "get_attr",
                "value": "admin_password"
              }
            ],
            [
              {
                "type": "get_attr",
                "value": "custom_data"
              }
            ]
          ],
          "identity_schema_version": 0,
          "private": "eyJlMmJmYjczMC1lY2FhLTExZTYtOGY4OC0zNDM2M2JjN2M0YzAiOnsiY3JlYXRlIjoyNzAwMDAwMDAwMDAwLCJkZWxldGUiOjI3MDAwMDAwMDAwMDAsInJlYWQiOjMwMDAwMDAwMDAwMCwidXBkYXRlIjoyNzAwMDAwMDAwMDAwfX0=",
          "dependencies": [
            "azurerm_network_interface.jump",
            "azurerm_public_ip.jump",
            "azurerm_resource_group.shared",
            "azurerm_subnet.mgmt",
            "azurerm_virtual_network.mgmt"
          ]
        }
      ]
    },
    {
      "mode": "managed",
      "type": "azurerm_linux_virtual_machine",
      "name": "lead",
      "provider": "provider[\"registry.terraform.io/hashicorp/azurerm\"]",
      "instances": [
        {
          "index_key": "ana.anic",
          "schema_version": 0,
          "attributes": {
            "additional_capabilities": [],
            "admin_password": null,
            "admin_ssh_key": [
              {
                "public_key": "ssh-rsa AAAAB3NzaC1yc2EAAAADAQABAAACAQDN2qI3hl+3L/iCmrQ5eeqJy9BMVaQl0sCw5KRGSRJFPIr+zvVexpKiLnf9trEWVbUyNDsCP0Y+ltslswWPA00BmCA7Y4QWffYdVxiQB4Embl/8IfUnNKdev/8S6jpUVe0dFnISF9kZgf8ai0Tf/Dh/P+EULuJklHqYFW2ymAzMt/0VVk3avDMsWRooijOXgyu+1c7d0JKtd8xqABZ3FI6yNgtImq/PTtBd3wQJHzxLKCkcrxLjJ3AtkTYjk3KcdCQavQE1YC9KHo/FzL+ebArlFHVHp7abq6u7HVXhRBOOYzqqL38GmJyYUkwlAEBe8k+deWLKBCHhCyBpL2gOvb4ut66TaXWqzRK0Rmutqbhhjb0O+Wvutv4YtxKiyxlE++Q0Gtq7IX+B2/W1iB2htk8ejxkm+addaKNe3I3rqWAZjAm3QOVmIuMY3YMS6NR5eiK0LP7bS+uqvNi1aOR40baEeScwGNARRgP7Wui1VjtX2F/EmTjxQbMgFSHEsscYVMjh/pxCUt0427vMSWmNK8m9p6gglM8MWOyWJ3pDNPk6WKJpRSaXTjGNfiKqP9BB//yycnSEnTsVPdZg7x2DdAQWBBJUhYeeAh9xTWJSRIdd/qTTT3vogtjJrKFQDyZXgMPXj8ACr4PRBcKh95PkpQch+8pz2EIhqZZlouCxfrMuiw== marin@Marin",
                "username": "azureadmin"
              }
            ],
            "admin_username": "azureadmin",
            "allow_extension_operations": true,
            "availability_set_id": "",
            "boot_diagnostics": [],
            "bypass_platform_safety_checks_on_user_schedule_enabled": false,
            "capacity_reservation_group_id": "",
            "computer_name": "ts-test-vm-lead-ana.anic",
            "custom_data": null,
            "dedicated_host_group_id": "",
            "dedicated_host_id": "",
            "disable_password_authentication": true,
            "disk_controller_type": "SCSI",
            "edge_zone": "",
            "encryption_at_host_enabled": false,
            "eviction_policy": "",
            "extensions_time_budget": "PT1H30M",
            "gallery_application": [],
            "id": "/subscriptions/e4101d62-0536-4bd2-8dc8-e6693f134604/resourceGroups/ts-test-rg-shared/providers/Microsoft.Compute/virtualMachines/ts-test-vm-lead-ana.anic",
            "identity": [
              {
                "identity_ids": null,
                "principal_id": "7845897e-3085-4dfc-bc4b-8f521aaadf73",
                "tenant_id": "d974b4df-eec2-433e-a918-3fe18412735f",
                "type": "SystemAssigned"
              }
            ],
            "license_type": "",
            "location": "francecentral",
            "max_bid_price": -1,
            "name": "ts-test-vm-lead-ana.anic",
            "network_interface_ids": [
              "/subscriptions/e4101d62-0536-4bd2-8dc8-e6693f134604/resourceGroups/ts-test-rg-shared/providers/Microsoft.Network/networkInterfaces/ts-test-nic-lead-ana.anic"
            ],
            "os_disk": [
              {
                "caching": "ReadWrite",
                "diff_disk_settings": [],
                "disk_encryption_set_id": "",
                "disk_size_gb": 30,
                "name": "ts-test-osdisk-lead-ana.anic",
                "secure_vm_disk_encryption_set_id": "",
                "security_encryption_type": "",
                "storage_account_type": "Standard_LRS",
                "write_accelerator_enabled": false
              }
            ],
            "os_image_notification": [],
            "patch_assessment_mode": "ImageDefault",
            "patch_mode": "ImageDefault",
            "plan": [],
            "platform_fault_domain": -1,
            "priority": "Regular",
            "private_ip_address": "10.0.1.5",
            "private_ip_addresses": [
              "10.0.1.5"
            ],
            "provision_vm_agent": true,
            "proximity_placement_group_id": "",
            "public_ip_address": "",
            "public_ip_addresses": [],
            "reboot_setting": "",
            "resource_group_name": "ts-test-rg-shared",
            "secret": [],
            "secure_boot_enabled": false,
            "size": "Standard_B1s",
            "source_image_id": "",
            "source_image_reference": [
              {
                "offer": "CentOS",
                "publisher": "OpenLogic",
                "sku": "8_5-gen2",
                "version": "latest"
              }
            ],
            "tags": {
              "environment": "testing",
              "owner": "ana.anic",
              "project": "techsprint",
              "role": "devops_lead"
            },
            "termination_notification": null,
            "timeouts": null,
            "user_data": "",
            "virtual_machine_id": "6c2c6832-1677-4d58-b58d-308c1a555805",
            "virtual_machine_scale_set_id": "",
            "vm_agent_platform_updates_enabled": false,
            "vtpm_enabled": false,
            "zone": ""
          },
          "sensitive_attributes": [
            [
              {
                "type": "get_attr",
                "value": "admin_password"
              }
            ],
            [
              {
                "type": "get_attr",
                "value": "custom_data"
              }
            ]
          ],
          "identity_schema_version": 0,
          "private": "eyJlMmJmYjczMC1lY2FhLTExZTYtOGY4OC0zNDM2M2JjN2M0YzAiOnsiY3JlYXRlIjoyNzAwMDAwMDAwMDAwLCJkZWxldGUiOjI3MDAwMDAwMDAwMDAsInJlYWQiOjMwMDAwMDAwMDAwMCwidXBkYXRlIjoyNzAwMDAwMDAwMDAwfX0=",
          "dependencies": [
            "azurerm_network_interface.lead",
            "azurerm_resource_group.shared",
            "azurerm_subnet.mgmt",
            "azurerm_virtual_network.mgmt"
          ]
        }
      ]
    },
    {
      "mode": "managed",
      "type": "azurerm_managed_disk",
      "name": "data",
      "provider": "provider[\"registry.terraform.io/hashicorp/azurerm\"]",
      "instances": [
        {
          "index_key": "luka.lukic",
          "schema_version": 1,
          "attributes": {
            "create_option": "Empty",
            "disk_access_id": "",
            "disk_encryption_set_id": "",
            "disk_iops_read_only": 0,
            "disk_iops_read_write": 500,
            "disk_mbps_read_only": 0,
            "disk_mbps_read_write": 60,
            "disk_size_gb": 32,
            "edge_zone": "",
            "encryption_settings": [],
            "gallery_image_reference_id": "",
            "hyper_v_generation": "",
            "id": "/subscriptions/e4101d62-0536-4bd2-8dc8-e6693f134604/resourceGroups/ts-test-rg-luka.lukic/providers/Microsoft.Compute/disks/ts-test-datadisk-luka.lukic",
            "image_reference_id": "",
            "location": "francecentral",
            "logical_sector_size": null,
            "max_shares": 0,
            "name": "ts-test-datadisk-luka.lukic",
            "network_access_policy": null,
            "on_demand_bursting_enabled": false,
            "optimized_frequent_attach_enabled": false,
            "os_type": "",
            "performance_plus_enabled": false,
            "public_network_access_enabled": true,
            "resource_group_name": "ts-test-rg-luka.lukic",
            "secure_vm_disk_encryption_set_id": "",
            "security_type": "",
            "source_resource_id": "",
            "source_uri": "",
            "storage_account_id": "",
            "storage_account_type": "Standard_LRS",
            "tags": {
              "environment": "testing",
              "owner": "luka.lukic",
              "project": "techsprint"
            },
            "tier": "",
            "timeouts": null,
            "trusted_launch_enabled": false,
            "upload_size_bytes": 0,
            "zone": ""
          },
          "sensitive_attributes": [],
          "identity_schema_version": 0,
          "private": "eyJlMmJmYjczMC1lY2FhLTExZTYtOGY4OC0zNDM2M2JjN2M0YzAiOnsiY3JlYXRlIjoxODAwMDAwMDAwMDAwLCJkZWxldGUiOjE4MDAwMDAwMDAwMDAsInJlYWQiOjMwMDAwMDAwMDAwMCwidXBkYXRlIjoxODAwMDAwMDAwMDAwfSwic2NoZW1hX3ZlcnNpb24iOiIxIn0=",
          "dependencies": [
            "azurerm_resource_group.dev"
          ]
        },
        {
          "index_key": "marko.markovic",
          "schema_version": 1,
          "attributes": {
            "create_option": "Empty",
            "disk_access_id": "",
            "disk_encryption_set_id": "",
            "disk_iops_read_only": 0,
            "disk_iops_read_write": 500,
            "disk_mbps_read_only": 0,
            "disk_mbps_read_write": 60,
            "disk_size_gb": 32,
            "edge_zone": "",
            "encryption_settings": [],
            "gallery_image_reference_id": "",
            "hyper_v_generation": "",
            "id": "/subscriptions/e4101d62-0536-4bd2-8dc8-e6693f134604/resourceGroups/ts-test-rg-marko.markovic/providers/Microsoft.Compute/disks/ts-test-datadisk-marko.markovic",
            "image_reference_id": "",
            "location": "francecentral",
            "logical_sector_size": null,
            "max_shares": 0,
            "name": "ts-test-datadisk-marko.markovic",
            "network_access_policy": null,
            "on_demand_bursting_enabled": false,
            "optimized_frequent_attach_enabled": false,
            "os_type": "",
            "performance_plus_enabled": false,
            "public_network_access_enabled": true,
            "resource_group_name": "ts-test-rg-marko.markovic",
            "secure_vm_disk_encryption_set_id": "",
            "security_type": "",
            "source_resource_id": "",
            "source_uri": "",
            "storage_account_id": "",
            "storage_account_type": "Standard_LRS",
            "tags": {
              "environment": "testing",
              "owner": "marko.markovic",
              "project": "techsprint"
            },
            "tier": "",
            "timeouts": null,
            "trusted_launch_enabled": false,
            "upload_size_bytes": 0,
            "zone": ""
          },
          "sensitive_attributes": [],
          "identity_schema_version": 0,
          "private": "eyJlMmJmYjczMC1lY2FhLTExZTYtOGY4OC0zNDM2M2JjN2M0YzAiOnsiY3JlYXRlIjoxODAwMDAwMDAwMDAwLCJkZWxldGUiOjE4MDAwMDAwMDAwMDAsInJlYWQiOjMwMDAwMDAwMDAwMCwidXBkYXRlIjoxODAwMDAwMDAwMDAwfSwic2NoZW1hX3ZlcnNpb24iOiIxIn0=",
          "dependencies": [
            "azurerm_resource_group.dev"
          ]
        }
      ]
    },
    {
      "mode": "managed",
      "type": "azurerm_network_interface",
      "name": "dev_vm",
      "provider": "provider[\"registry.terraform.io/hashicorp/azurerm\"]",
      "instances": [
        {
          "index_key": "luka.lukic",
          "schema_version": 0,
          "attributes": {
            "accelerated_networking_enabled": false,
            "applied_dns_servers": [],
            "auxiliary_mode": "",
            "auxiliary_sku": "",
            "dns_servers": [],
            "edge_zone": "",
            "enable_accelerated_networking": false,
            "enable_ip_forwarding": false,
            "id": "/subscriptions/e4101d62-0536-4bd2-8dc8-e6693f134604/resourceGroups/ts-test-rg-luka.lukic/providers/Microsoft.Network/networkInterfaces/ts-test-nic-luka.lukic",
            "internal_dns_name_label": "",
            "internal_domain_name_suffix": "mo2sbsbsdl0edo55e4qhl4wu3d.parx.internal.cloudapp.net",
            "ip_configuration": [
              {
                "gateway_load_balancer_frontend_ip_configuration_id": "",
                "name": "ipconfig",
                "primary": true,
                "private_ip_address": "10.1.1.4",
                "private_ip_address_allocation": "Dynamic",
                "private_ip_address_version": "IPv4",
                "public_ip_address_id": "",
                "subnet_id": "/subscriptions/e4101d62-0536-4bd2-8dc8-e6693f134604/resourceGroups/ts-test-rg-luka.lukic/providers/Microsoft.Network/virtualNetworks/ts-test-vnet-luka.lukic/subnets/snet-app"
              }
            ],
            "ip_forwarding_enabled": false,
            "location": "francecentral",
            "mac_address": "",
            "name": "ts-test-nic-luka.lukic",
            "private_ip_address": "10.1.1.4",
            "private_ip_addresses": [
              "10.1.1.4"
            ],
            "resource_group_name": "ts-test-rg-luka.lukic",
            "tags": {
              "environment": "testing",
              "owner": "luka.lukic",
              "project": "techsprint"
            },
            "timeouts": null,
            "virtual_machine_id": ""
          },
          "sensitive_attributes": [],
          "identity_schema_version": 0,
          "private": "eyJlMmJmYjczMC1lY2FhLTExZTYtOGY4OC0zNDM2M2JjN2M0YzAiOnsiY3JlYXRlIjoxODAwMDAwMDAwMDAwLCJkZWxldGUiOjE4MDAwMDAwMDAwMDAsInJlYWQiOjMwMDAwMDAwMDAwMCwidXBkYXRlIjoxODAwMDAwMDAwMDAwfX0=",
          "dependencies": [
            "azurerm_resource_group.dev",
            "azurerm_subnet.dev_app",
            "azurerm_virtual_network.dev"
          ]
        },
        {
          "index_key": "marko.markovic",
          "schema_version": 0,
          "attributes": {
            "accelerated_networking_enabled": false,
            "applied_dns_servers": [],
            "auxiliary_mode": "",
            "auxiliary_sku": "",
            "dns_servers": [],
            "edge_zone": "",
            "enable_accelerated_networking": false,
            "enable_ip_forwarding": false,
            "id": "/subscriptions/e4101d62-0536-4bd2-8dc8-e6693f134604/resourceGroups/ts-test-rg-marko.markovic/providers/Microsoft.Network/networkInterfaces/ts-test-nic-marko.markovic",
            "internal_dns_name_label": "",
            "internal_domain_name_suffix": "j03ai5plhwverhpjo1rc04tz5a.parx.internal.cloudapp.net",
            "ip_configuration": [
              {
                "gateway_load_balancer_frontend_ip_configuration_id": "",
                "name": "ipconfig",
                "primary": true,
                "private_ip_address": "10.2.1.4",
                "private_ip_address_allocation": "Dynamic",
                "private_ip_address_version": "IPv4",
                "public_ip_address_id": "",
                "subnet_id": "/subscriptions/e4101d62-0536-4bd2-8dc8-e6693f134604/resourceGroups/ts-test-rg-marko.markovic/providers/Microsoft.Network/virtualNetworks/ts-test-vnet-marko.markovic/subnets/snet-app"
              }
            ],
            "ip_forwarding_enabled": false,
            "location": "francecentral",
            "mac_address": "",
            "name": "ts-test-nic-marko.markovic",
            "private_ip_address": "10.2.1.4",
            "private_ip_addresses": [
              "10.2.1.4"
            ],
            "resource_group_name": "ts-test-rg-marko.markovic",
            "tags": {
              "environment": "testing",
              "owner": "marko.markovic",
              "project": "techsprint"
            },
            "timeouts": null,
            "virtual_machine_id": ""
          },
          "sensitive_attributes": [],
          "identity_schema_version": 0,
          "private": "eyJlMmJmYjczMC1lY2FhLTExZTYtOGY4OC0zNDM2M2JjN2M0YzAiOnsiY3JlYXRlIjoxODAwMDAwMDAwMDAwLCJkZWxldGUiOjE4MDAwMDAwMDAwMDAsInJlYWQiOjMwMDAwMDAwMDAwMCwidXBkYXRlIjoxODAwMDAwMDAwMDAwfX0=",
          "dependencies": [
            "azurerm_resource_group.dev",
            "azurerm_subnet.dev_app",
            "azurerm_virtual_network.dev"
          ]
        }
      ]
    },
    {
      "mode": "managed",
      "type": "azurerm_network_interface",
      "name": "jump",
      "provider": "provider[\"registry.terraform.io/hashicorp/azurerm\"]",
      "instances": [
        {
          "schema_version": 0,
          "attributes": {
            "accelerated_networking_enabled": false,
            "applied_dns_servers": [],
            "auxiliary_mode": "",
            "auxiliary_sku": "",
            "dns_servers": [],
            "edge_zone": "",
            "enable_accelerated_networking": false,
            "enable_ip_forwarding": false,
            "id": "/subscriptions/e4101d62-0536-4bd2-8dc8-e6693f134604/resourceGroups/ts-test-rg-shared/providers/Microsoft.Network/networkInterfaces/ts-test-nic-jump",
            "internal_dns_name_label": "",
            "internal_domain_name_suffix": "iunqyfm2cqfunivsvl3nt1f0hh.parx.internal.cloudapp.net",
            "ip_configuration": [
              {
                "gateway_load_balancer_frontend_ip_configuration_id": "",
                "name": "ipconfig",
                "primary": true,
                "private_ip_address": "10.0.1.4",
                "private_ip_address_allocation": "Dynamic",
                "private_ip_address_version": "IPv4",
                "public_ip_address_id": "/subscriptions/e4101d62-0536-4bd2-8dc8-e6693f134604/resourceGroups/ts-test-rg-shared/providers/Microsoft.Network/publicIPAddresses/ts-test-pip-jump",
                "subnet_id": "/subscriptions/e4101d62-0536-4bd2-8dc8-e6693f134604/resourceGroups/ts-test-rg-shared/providers/Microsoft.Network/virtualNetworks/ts-test-vnet-mgmt/subnets/snet-mgmt"
              }
            ],
            "ip_forwarding_enabled": false,
            "location": "francecentral",
            "mac_address": "",
            "name": "ts-test-nic-jump",
            "private_ip_address": "10.0.1.4",
            "private_ip_addresses": [
              "10.0.1.4"
            ],
            "resource_group_name": "ts-test-rg-shared",
            "tags": {
              "environment": "testing",
              "project": "techsprint"
            },
            "timeouts": null,
            "virtual_machine_id": ""
          },
          "sensitive_attributes": [],
          "identity_schema_version": 0,
          "private": "eyJlMmJmYjczMC1lY2FhLTExZTYtOGY4OC0zNDM2M2JjN2M0YzAiOnsiY3JlYXRlIjoxODAwMDAwMDAwMDAwLCJkZWxldGUiOjE4MDAwMDAwMDAwMDAsInJlYWQiOjMwMDAwMDAwMDAwMCwidXBkYXRlIjoxODAwMDAwMDAwMDAwfX0=",
          "dependencies": [
            "azurerm_public_ip.jump",
            "azurerm_resource_group.shared",
            "azurerm_subnet.mgmt",
            "azurerm_virtual_network.mgmt"
          ]
        }
      ]
    },
    {
      "mode": "managed",
      "type": "azurerm_network_interface",
      "name": "lead",
      "provider": "provider[\"registry.terraform.io/hashicorp/azurerm\"]",
      "instances": [
        {
          "index_key": "ana.anic",
          "schema_version": 0,
          "attributes": {
            "accelerated_networking_enabled": false,
            "applied_dns_servers": [],
            "auxiliary_mode": "",
            "auxiliary_sku": "",
            "dns_servers": [],
            "edge_zone": "",
            "enable_accelerated_networking": false,
            "enable_ip_forwarding": false,
            "id": "/subscriptions/e4101d62-0536-4bd2-8dc8-e6693f134604/resourceGroups/ts-test-rg-shared/providers/Microsoft.Network/networkInterfaces/ts-test-nic-lead-ana.anic",
            "internal_dns_name_label": "",
            "internal_domain_name_suffix": "iunqyfm2cqfunivsvl3nt1f0hh.parx.internal.cloudapp.net",
            "ip_configuration": [
              {
                "gateway_load_balancer_frontend_ip_configuration_id": "",
                "name": "ipconfig",
                "primary": true,
                "private_ip_address": "10.0.1.5",
                "private_ip_address_allocation": "Dynamic",
                "private_ip_address_version": "IPv4",
                "public_ip_address_id": "",
                "subnet_id": "/subscriptions/e4101d62-0536-4bd2-8dc8-e6693f134604/resourceGroups/ts-test-rg-shared/providers/Microsoft.Network/virtualNetworks/ts-test-vnet-mgmt/subnets/snet-mgmt"
              }
            ],
            "ip_forwarding_enabled": false,
            "location": "francecentral",
            "mac_address": "",
            "name": "ts-test-nic-lead-ana.anic",
            "private_ip_address": "10.0.1.5",
            "private_ip_addresses": [
              "10.0.1.5"
            ],
            "resource_group_name": "ts-test-rg-shared",
            "tags": {
              "environment": "testing",
              "project": "techsprint"
            },
            "timeouts": null,
            "virtual_machine_id": ""
          },
          "sensitive_attributes": [],
          "identity_schema_version": 0,
          "private": "eyJlMmJmYjczMC1lY2FhLTExZTYtOGY4OC0zNDM2M2JjN2M0YzAiOnsiY3JlYXRlIjoxODAwMDAwMDAwMDAwLCJkZWxldGUiOjE4MDAwMDAwMDAwMDAsInJlYWQiOjMwMDAwMDAwMDAwMCwidXBkYXRlIjoxODAwMDAwMDAwMDAwfX0=",
          "dependencies": [
            "azurerm_resource_group.shared",
            "azurerm_subnet.mgmt",
            "azurerm_virtual_network.mgmt"
          ]
        }
      ]
    },
    {
      "mode": "managed",
      "type": "azurerm_network_security_group",
      "name": "dev",
      "provider": "provider[\"registry.terraform.io/hashicorp/azurerm\"]",
      "instances": [
        {
          "index_key": "luka.lukic",
          "schema_version": 0,
          "attributes": {
            "id": "/subscriptions/e4101d62-0536-4bd2-8dc8-e6693f134604/resourceGroups/ts-test-rg-luka.lukic/providers/Microsoft.Network/networkSecurityGroups/ts-test-nsg-luka.lukic",
            "location": "francecentral",
            "name": "ts-test-nsg-luka.lukic",
            "resource_group_name": "ts-test-rg-luka.lukic",
            "security_rule": [
              {
                "access": "Allow",
                "description": "",
                "destination_address_prefix": "*",
                "destination_address_prefixes": [],
                "destination_application_security_group_ids": [],
                "destination_port_range": "",
                "destination_port_ranges": [
                  "443",
                  "80"
                ],
                "direction": "Inbound",
                "name": "allow-http-from-lb",
                "priority": 110,
                "protocol": "Tcp",
                "source_address_prefix": "AzureLoadBalancer",
                "source_address_prefixes": [],
                "source_application_security_group_ids": [],
                "source_port_range": "*",
                "source_port_ranges": []
              },
              {
                "access": "Allow",
                "description": "",
                "destination_address_prefix": "*",
                "destination_address_prefixes": [],
                "destination_application_security_group_ids": [],
                "destination_port_range": "22",
                "destination_port_ranges": [],
                "direction": "Inbound",
                "name": "allow-ssh-from-mgmt",
                "priority": 100,
                "protocol": "Tcp",
                "source_address_prefix": "10.0.1.0/24",
                "source_address_prefixes": [],
                "source_application_security_group_ids": [],
                "source_port_range": "*",
                "source_port_ranges": []
              },
              {
                "access": "Deny",
                "description": "",
                "destination_address_prefix": "*",
                "destination_address_prefixes": [],
                "destination_application_security_group_ids": [],
                "destination_port_range": "*",
                "destination_port_ranges": [],
                "direction": "Inbound",
                "name": "deny-all-inbound",
                "priority": 4096,
                "protocol": "*",
                "source_address_prefix": "*",
                "source_address_prefixes": [],
                "source_application_security_group_ids": [],
                "source_port_range": "*",
                "source_port_ranges": []
              }
            ],
            "tags": {
              "environment": "testing",
              "owner": "luka.lukic",
              "project": "techsprint"
            },
            "timeouts": null
          },
          "sensitive_attributes": [],
          "identity_schema_version": 0,
          "private": "eyJlMmJmYjczMC1lY2FhLTExZTYtOGY4OC0zNDM2M2JjN2M0YzAiOnsiY3JlYXRlIjoxODAwMDAwMDAwMDAwLCJkZWxldGUiOjE4MDAwMDAwMDAwMDAsInJlYWQiOjMwMDAwMDAwMDAwMCwidXBkYXRlIjoxODAwMDAwMDAwMDAwfX0=",
          "dependencies": [
            "azurerm_resource_group.dev"
          ]
        },
        {
          "index_key": "marko.markovic",
          "schema_version": 0,
          "attributes": {
            "id": "/subscriptions/e4101d62-0536-4bd2-8dc8-e6693f134604/resourceGroups/ts-test-rg-marko.markovic/providers/Microsoft.Network/networkSecurityGroups/ts-test-nsg-marko.markovic",
            "location": "francecentral",
            "name": "ts-test-nsg-marko.markovic",
            "resource_group_name": "ts-test-rg-marko.markovic",
            "security_rule": [
              {
                "access": "Allow",
                "description": "",
                "destination_address_prefix": "*",
                "destination_address_prefixes": [],
                "destination_application_security_group_ids": [],
                "destination_port_range": "",
                "destination_port_ranges": [
                  "443",
                  "80"
                ],
                "direction": "Inbound",
                "name": "allow-http-from-lb",
                "priority": 110,
                "protocol": "Tcp",
                "source_address_prefix": "AzureLoadBalancer",
                "source_address_prefixes": [],
                "source_application_security_group_ids": [],
                "source_port_range": "*",
                "source_port_ranges": []
              },
              {
                "access": "Allow",
                "description": "",
                "destination_address_prefix": "*",
                "destination_address_prefixes": [],
                "destination_application_security_group_ids": [],
                "destination_port_range": "22",
                "destination_port_ranges": [],
                "direction": "Inbound",
                "name": "allow-ssh-from-mgmt",
                "priority": 100,
                "protocol": "Tcp",
                "source_address_prefix": "10.0.1.0/24",
                "source_address_prefixes": [],
                "source_application_security_group_ids": [],
                "source_port_range": "*",
                "source_port_ranges": []
              },
              {
                "access": "Deny",
                "description": "",
                "destination_address_prefix": "*",
                "destination_address_prefixes": [],
                "destination_application_security_group_ids": [],
                "destination_port_range": "*",
                "destination_port_ranges": [],
                "direction": "Inbound",
                "name": "deny-all-inbound",
                "priority": 4096,
                "protocol": "*",
                "source_address_prefix": "*",
                "source_address_prefixes": [],
                "source_application_security_group_ids": [],
                "source_port_range": "*",
                "source_port_ranges": []
              }
            ],
            "tags": {
              "environment": "testing",
              "owner": "marko.markovic",
              "project": "techsprint"
            },
            "timeouts": null
          },
          "sensitive_attributes": [],
          "identity_schema_version": 0,
          "private": "eyJlMmJmYjczMC1lY2FhLTExZTYtOGY4OC0zNDM2M2JjN2M0YzAiOnsiY3JlYXRlIjoxODAwMDAwMDAwMDAwLCJkZWxldGUiOjE4MDAwMDAwMDAwMDAsInJlYWQiOjMwMDAwMDAwMDAwMCwidXBkYXRlIjoxODAwMDAwMDAwMDAwfX0=",
          "dependencies": [
            "azurerm_resource_group.dev"
          ]
        }
      ]
    },
    {
      "mode": "managed",
      "type": "azurerm_network_security_group",
      "name": "mgmt",
      "provider": "provider[\"registry.terraform.io/hashicorp/azurerm\"]",
      "instances": [
        {
          "schema_version": 0,
          "attributes": {
            "id": "/subscriptions/e4101d62-0536-4bd2-8dc8-e6693f134604/resourceGroups/ts-test-rg-shared/providers/Microsoft.Network/networkSecurityGroups/ts-test-nsg-mgmt",
            "location": "francecentral",
            "name": "ts-test-nsg-mgmt",
            "resource_group_name": "ts-test-rg-shared",
            "security_rule": [
              {
                "access": "Allow",
                "description": "",
                "destination_address_prefix": "*",
                "destination_address_prefixes": [],
                "destination_application_security_group_ids": [],
                "destination_port_range": "",
                "destination_port_ranges": [
                  "443",
                  "80"
                ],
                "direction": "Inbound",
                "name": "allow-http-inbound",
                "priority": 110,
                "protocol": "Tcp",
                "source_address_prefix": "*",
                "source_address_prefixes": [],
                "source_application_security_group_ids": [],
                "source_port_range": "*",
                "source_port_ranges": []
              },
              {
                "access": "Allow",
                "description": "",
                "destination_address_prefix": "*",
                "destination_address_prefixes": [],
                "destination_application_security_group_ids": [],
                "destination_port_range": "22",
                "destination_port_ranges": [],
                "direction": "Inbound",
                "name": "allow-ssh-inbound",
                "priority": 100,
                "protocol": "Tcp",
                "source_address_prefix": "*",
                "source_address_prefixes": [],
                "source_application_security_group_ids": [],
                "source_port_range": "*",
                "source_port_ranges": []
              }
            ],
            "tags": {
              "environment": "testing",
              "project": "techsprint"
            },
            "timeouts": null
          },
          "sensitive_attributes": [],
          "identity_schema_version": 0,
          "private": "eyJlMmJmYjczMC1lY2FhLTExZTYtOGY4OC0zNDM2M2JjN2M0YzAiOnsiY3JlYXRlIjoxODAwMDAwMDAwMDAwLCJkZWxldGUiOjE4MDAwMDAwMDAwMDAsInJlYWQiOjMwMDAwMDAwMDAwMCwidXBkYXRlIjoxODAwMDAwMDAwMDAwfX0=",
          "dependencies": [
            "azurerm_resource_group.shared"
          ]
        }
      ]
    },
    {
      "mode": "managed",
      "type": "azurerm_public_ip",
      "name": "jump",
      "provider": "provider[\"registry.terraform.io/hashicorp/azurerm\"]",
      "instances": [
        {
          "schema_version": 0,
          "attributes": {
            "allocation_method": "Static",
            "ddos_protection_mode": "VirtualNetworkInherited",
            "ddos_protection_plan_id": null,
            "domain_name_label": null,
            "edge_zone": "",
            "fqdn": null,
            "id": "/subscriptions/e4101d62-0536-4bd2-8dc8-e6693f134604/resourceGroups/ts-test-rg-shared/providers/Microsoft.Network/publicIPAddresses/ts-test-pip-jump",
            "idle_timeout_in_minutes": 4,
            "ip_address": "20.111.10.175",
            "ip_tags": null,
            "ip_version": "IPv4",
            "location": "francecentral",
            "name": "ts-test-pip-jump",
            "public_ip_prefix_id": null,
            "resource_group_name": "ts-test-rg-shared",
            "reverse_fqdn": null,
            "sku": "Standard",
            "sku_tier": "Regional",
            "tags": {
              "environment": "testing",
              "project": "techsprint"
            },
            "timeouts": null,
            "zones": null
          },
          "sensitive_attributes": [],
          "identity_schema_version": 0,
          "private": "eyJlMmJmYjczMC1lY2FhLTExZTYtOGY4OC0zNDM2M2JjN2M0YzAiOnsiY3JlYXRlIjoxODAwMDAwMDAwMDAwLCJkZWxldGUiOjE4MDAwMDAwMDAwMDAsInJlYWQiOjMwMDAwMDAwMDAwMCwidXBkYXRlIjoxODAwMDAwMDAwMDAwfX0=",
          "dependencies": [
            "azurerm_resource_group.shared"
          ]
        }
      ]
    },
    {
      "mode": "managed",
      "type": "azurerm_public_ip",
      "name": "lb",
      "provider": "provider[\"registry.terraform.io/hashicorp/azurerm\"]",
      "instances": [
        {
          "schema_version": 0,
          "attributes": {
            "allocation_method": "Static",
            "ddos_protection_mode": "VirtualNetworkInherited",
            "ddos_protection_plan_id": null,
            "domain_name_label": null,
            "edge_zone": "",
            "fqdn": null,
            "id": "/subscriptions/e4101d62-0536-4bd2-8dc8-e6693f134604/resourceGroups/ts-test-rg-shared/providers/Microsoft.Network/publicIPAddresses/ts-test-pip-lb",
            "idle_timeout_in_minutes": 4,
            "ip_address": "20.216.166.15",
            "ip_tags": null,
            "ip_version": "IPv4",
            "location": "francecentral",
            "name": "ts-test-pip-lb",
            "public_ip_prefix_id": null,
            "resource_group_name": "ts-test-rg-shared",
            "reverse_fqdn": null,
            "sku": "Standard",
            "sku_tier": "Regional",
            "tags": {
              "environment": "testing",
              "project": "techsprint"
            },
            "timeouts": null,
            "zones": null
          },
          "sensitive_attributes": [],
          "identity_schema_version": 0,
          "private": "eyJlMmJmYjczMC1lY2FhLTExZTYtOGY4OC0zNDM2M2JjN2M0YzAiOnsiY3JlYXRlIjoxODAwMDAwMDAwMDAwLCJkZWxldGUiOjE4MDAwMDAwMDAwMDAsInJlYWQiOjMwMDAwMDAwMDAwMCwidXBkYXRlIjoxODAwMDAwMDAwMDAwfX0=",
          "dependencies": [
            "azurerm_resource_group.shared"
          ]
        }
      ]
    },
    {
      "mode": "managed",
      "type": "azurerm_resource_group",
      "name": "dev",
      "provider": "provider[\"registry.terraform.io/hashicorp/azurerm\"]",
      "instances": [
        {
          "index_key": "luka.lukic",
          "schema_version": 0,
          "attributes": {
            "id": "/subscriptions/e4101d62-0536-4bd2-8dc8-e6693f134604/resourceGroups/ts-test-rg-luka.lukic",
            "location": "francecentral",
            "managed_by": "",
            "name": "ts-test-rg-luka.lukic",
            "tags": {
              "environment": "testing",
              "owner": "luka.lukic",
              "project": "techsprint"
            },
            "timeouts": null
          },
          "sensitive_attributes": [],
          "identity_schema_version": 0,
          "private": "eyJlMmJmYjczMC1lY2FhLTExZTYtOGY4OC0zNDM2M2JjN2M0YzAiOnsiY3JlYXRlIjo1NDAwMDAwMDAwMDAwLCJkZWxldGUiOjU0MDAwMDAwMDAwMDAsInJlYWQiOjMwMDAwMDAwMDAwMCwidXBkYXRlIjo1NDAwMDAwMDAwMDAwfX0="
        },
        {
          "index_key": "marko.markovic",
          "schema_version": 0,
          "attributes": {
            "id": "/subscriptions/e4101d62-0536-4bd2-8dc8-e6693f134604/resourceGroups/ts-test-rg-marko.markovic",
            "location": "francecentral",
            "managed_by": "",
            "name": "ts-test-rg-marko.markovic",
            "tags": {
              "environment": "testing",
              "owner": "marko.markovic",
              "project": "techsprint"
            },
            "timeouts": null
          },
          "sensitive_attributes": [],
          "identity_schema_version": 0,
          "private": "eyJlMmJmYjczMC1lY2FhLTExZTYtOGY4OC0zNDM2M2JjN2M0YzAiOnsiY3JlYXRlIjo1NDAwMDAwMDAwMDAwLCJkZWxldGUiOjU0MDAwMDAwMDAwMDAsInJlYWQiOjMwMDAwMDAwMDAwMCwidXBkYXRlIjo1NDAwMDAwMDAwMDAwfX0="
        }
      ]
    },
    {
      "mode": "managed",
      "type": "azurerm_resource_group",
      "name": "shared",
      "provider": "provider[\"registry.terraform.io/hashicorp/azurerm\"]",
      "instances": [
        {
          "schema_version": 0,
          "attributes": {
            "id": "/subscriptions/e4101d62-0536-4bd2-8dc8-e6693f134604/resourceGroups/ts-test-rg-shared",
            "location": "francecentral",
            "managed_by": "",
            "name": "ts-test-rg-shared",
            "tags": {
              "environment": "testing",
              "project": "techsprint"
            },
            "timeouts": null
          },
          "sensitive_attributes": [],
          "identity_schema_version": 0,
          "private": "eyJlMmJmYjczMC1lY2FhLTExZTYtOGY4OC0zNDM2M2JjN2M0YzAiOnsiY3JlYXRlIjo1NDAwMDAwMDAwMDAwLCJkZWxldGUiOjU0MDAwMDAwMDAwMDAsInJlYWQiOjMwMDAwMDAwMDAwMCwidXBkYXRlIjo1NDAwMDAwMDAwMDAwfX0="
        }
      ]
    },
    {
      "mode": "managed",
      "type": "azurerm_role_assignment",
      "name": "vm_blob_access",
      "provider": "provider[\"registry.terraform.io/hashicorp/azurerm\"]",
      "instances": [
        {
          "index_key": "luka.lukic",
          "schema_version": 0,
          "attributes": {
            "condition": "",
            "condition_version": "",
            "delegated_managed_identity_resource_id": "",
            "description": "",
            "id": "/subscriptions/e4101d62-0536-4bd2-8dc8-e6693f134604/resourceGroups/ts-test-rg-luka.lukic/providers/Microsoft.Storage/storageAccounts/tslukalukicsa/providers/Microsoft.Authorization/roleAssignments/05528e6b-8549-152c-db07-5ff764c721b8",
            "name": "05528e6b-8549-152c-db07-5ff764c721b8",
            "principal_id": "f459d50a-743f-47c1-8397-2a16afe060d8",
            "principal_type": "ServicePrincipal",
            "role_definition_id": "/subscriptions/e4101d62-0536-4bd2-8dc8-e6693f134604/providers/Microsoft.Authorization/roleDefinitions/ba92f5b4-2d11-453d-a403-e96b0029c9fe",
            "role_definition_name": "Storage Blob Data Contributor",
            "scope": "/subscriptions/e4101d62-0536-4bd2-8dc8-e6693f134604/resourceGroups/ts-test-rg-luka.lukic/providers/Microsoft.Storage/storageAccounts/tslukalukicsa",
            "skip_service_principal_aad_check": null,
            "timeouts": null
          },
          "sensitive_attributes": [],
          "identity_schema_version": 0,
          "private": "eyJlMmJmYjczMC1lY2FhLTExZTYtOGY4OC0zNDM2M2JjN2M0YzAiOnsiY3JlYXRlIjoxODAwMDAwMDAwMDAwLCJkZWxldGUiOjE4MDAwMDAwMDAwMDAsInJlYWQiOjMwMDAwMDAwMDAwMH19",
          "dependencies": [
            "azurerm_linux_virtual_machine.dev_vm",
            "azurerm_network_interface.dev_vm",
            "azurerm_resource_group.dev",
            "azurerm_storage_account.dev",
            "azurerm_subnet.dev_app",
            "azurerm_virtual_network.dev"
          ]
        },
        {
          "index_key": "marko.markovic",
          "schema_version": 0,
          "attributes": {
            "condition": "",
            "condition_version": "",
            "delegated_managed_identity_resource_id": "",
            "description": "",
            "id": "/subscriptions/e4101d62-0536-4bd2-8dc8-e6693f134604/resourceGroups/ts-test-rg-marko.markovic/providers/Microsoft.Storage/storageAccounts/tsmarkomarkovicsa/providers/Microsoft.Authorization/roleAssignments/df04fb3d-2681-3393-89db-3367d246e6bb",
            "name": "df04fb3d-2681-3393-89db-3367d246e6bb",
            "principal_id": "bb7a0ca3-10c2-4f19-b4ea-ca992c2b94ef",
            "principal_type": "ServicePrincipal",
            "role_definition_id": "/subscriptions/e4101d62-0536-4bd2-8dc8-e6693f134604/providers/Microsoft.Authorization/roleDefinitions/ba92f5b4-2d11-453d-a403-e96b0029c9fe",
            "role_definition_name": "Storage Blob Data Contributor",
            "scope": "/subscriptions/e4101d62-0536-4bd2-8dc8-e6693f134604/resourceGroups/ts-test-rg-marko.markovic/providers/Microsoft.Storage/storageAccounts/tsmarkomarkovicsa",
            "skip_service_principal_aad_check": null,
            "timeouts": null
          },
          "sensitive_attributes": [],
          "identity_schema_version": 0,
          "private": "eyJlMmJmYjczMC1lY2FhLTExZTYtOGY4OC0zNDM2M2JjN2M0YzAiOnsiY3JlYXRlIjoxODAwMDAwMDAwMDAwLCJkZWxldGUiOjE4MDAwMDAwMDAwMDAsInJlYWQiOjMwMDAwMDAwMDAwMH19",
          "dependencies": [
            "azurerm_linux_virtual_machine.dev_vm",
            "azurerm_network_interface.dev_vm",
            "azurerm_resource_group.dev",
            "azurerm_storage_account.dev",
            "azurerm_subnet.dev_app",
            "azurerm_virtual_network.dev"
          ]
        }
      ]
    },
    {
      "mode": "managed",
      "type": "azurerm_role_assignment",
      "name": "vm_file_access",
      "provider": "provider[\"registry.terraform.io/hashicorp/azurerm\"]",
      "instances": [
        {
          "index_key": "luka.lukic",
          "schema_version": 0,
          "attributes": {
            "condition": "",
            "condition_version": "",
            "delegated_managed_identity_resource_id": "",
            "description": "",
            "id": "/subscriptions/e4101d62-0536-4bd2-8dc8-e6693f134604/resourceGroups/ts-test-rg-luka.lukic/providers/Microsoft.Storage/storageAccounts/tslukalukicsa/providers/Microsoft.Authorization/roleAssignments/7347f5d6-85a7-fa2a-ba21-bb014d79ac4e",
            "name": "7347f5d6-85a7-fa2a-ba21-bb014d79ac4e",
            "principal_id": "f459d50a-743f-47c1-8397-2a16afe060d8",
            "principal_type": "ServicePrincipal",
            "role_definition_id": "/subscriptions/e4101d62-0536-4bd2-8dc8-e6693f134604/providers/Microsoft.Authorization/roleDefinitions/0c867c2a-1d8c-454a-a3db-ab2ea1bdc8bb",
            "role_definition_name": "Storage File Data SMB Share Contributor",
            "scope": "/subscriptions/e4101d62-0536-4bd2-8dc8-e6693f134604/resourceGroups/ts-test-rg-luka.lukic/providers/Microsoft.Storage/storageAccounts/tslukalukicsa",
            "skip_service_principal_aad_check": null,
            "timeouts": null
          },
          "sensitive_attributes": [],
          "identity_schema_version": 0,
          "private": "eyJlMmJmYjczMC1lY2FhLTExZTYtOGY4OC0zNDM2M2JjN2M0YzAiOnsiY3JlYXRlIjoxODAwMDAwMDAwMDAwLCJkZWxldGUiOjE4MDAwMDAwMDAwMDAsInJlYWQiOjMwMDAwMDAwMDAwMH19",
          "dependencies": [
            "azurerm_linux_virtual_machine.dev_vm",
            "azurerm_network_interface.dev_vm",
            "azurerm_resource_group.dev",
            "azurerm_storage_account.dev",
            "azurerm_subnet.dev_app",
            "azurerm_virtual_network.dev"
          ]
        },
        {
          "index_key": "marko.markovic",
          "schema_version": 0,
          "attributes": {
            "condition": "",
            "condition_version": "",
            "delegated_managed_identity_resource_id": "",
            "description": "",
            "id": "/subscriptions/e4101d62-0536-4bd2-8dc8-e6693f134604/resourceGroups/ts-test-rg-marko.markovic/providers/Microsoft.Storage/storageAccounts/tsmarkomarkovicsa/providers/Microsoft.Authorization/roleAssignments/c2850b02-536a-73dd-132d-b3a8170733c4",
            "name": "c2850b02-536a-73dd-132d-b3a8170733c4",
            "principal_id": "bb7a0ca3-10c2-4f19-b4ea-ca992c2b94ef",
            "principal_type": "ServicePrincipal",
            "role_definition_id": "/subscriptions/e4101d62-0536-4bd2-8dc8-e6693f134604/providers/Microsoft.Authorization/roleDefinitions/0c867c2a-1d8c-454a-a3db-ab2ea1bdc8bb",
            "role_definition_name": "Storage File Data SMB Share Contributor",
            "scope": "/subscriptions/e4101d62-0536-4bd2-8dc8-e6693f134604/resourceGroups/ts-test-rg-marko.markovic/providers/Microsoft.Storage/storageAccounts/tsmarkomarkovicsa",
            "skip_service_principal_aad_check": null,
            "timeouts": null
          },
          "sensitive_attributes": [],
          "identity_schema_version": 0,
          "private": "eyJlMmJmYjczMC1lY2FhLTExZTYtOGY4OC0zNDM2M2JjN2M0YzAiOnsiY3JlYXRlIjoxODAwMDAwMDAwMDAwLCJkZWxldGUiOjE4MDAwMDAwMDAwMDAsInJlYWQiOjMwMDAwMDAwMDAwMH19",
          "dependencies": [
            "azurerm_linux_virtual_machine.dev_vm",
            "azurerm_network_interface.dev_vm",
            "azurerm_resource_group.dev",
            "azurerm_storage_account.dev",
            "azurerm_subnet.dev_app",
            "azurerm_virtual_network.dev"
          ]
        }
      ]
    },
    {
      "mode": "managed",
      "type": "azurerm_role_definition",
      "name": "developer",
      "provider": "provider[\"registry.terraform.io/hashicorp/azurerm\"]",
      "instances": [
        {
          "schema_version": 1,
          "attributes": {
            "assignable_scopes": [
              "/subscriptions/e4101d62-0536-4bd2-8dc8-e6693f134604"
            ],
            "description": "TechSprint developer - moze pokrenuti/ugasiti vlastite VM-ove",
            "id": "/subscriptions/e4101d62-0536-4bd2-8dc8-e6693f134604/providers/Microsoft.Authorization/roleDefinitions/c59d25b7-3551-dc20-d6ea-10f9c53d2b9a|/subscriptions/e4101d62-0536-4bd2-8dc8-e6693f134604",
            "name": "ts-test-role-developer",
            "permissions": [
              {
                "actions": [
                  "Microsoft.Compute/virtualMachines/start/action",
                  "Microsoft.Compute/virtualMachines/deallocate/action",
                  "Microsoft.Compute/virtualMachines/restart/action",
                  "Microsoft.Compute/virtualMachines/read",
                  "Microsoft.Compute/virtualMachines/instanceView/read",
                  "Microsoft.Resources/subscriptions/resourceGroups/read",
                  "Microsoft.Network/networkInterfaces/read",
                  "Microsoft.Storage/storageAccounts/read"
                ],
                "data_actions": [],
                "not_actions": [],
                "not_data_actions": []
              }
            ],
            "role_definition_id": "c59d25b7-3551-dc20-d6ea-10f9c53d2b9a",
            "role_definition_resource_id": "/subscriptions/e4101d62-0536-4bd2-8dc8-e6693f134604/providers/Microsoft.Authorization/roleDefinitions/c59d25b7-3551-dc20-d6ea-10f9c53d2b9a",
            "scope": "/subscriptions/e4101d62-0536-4bd2-8dc8-e6693f134604",
            "timeouts": null
          },
          "sensitive_attributes": [],
          "identity_schema_version": 0,
          "private": "eyJlMmJmYjczMC1lY2FhLTExZTYtOGY4OC0zNDM2M2JjN2M0YzAiOnsiY3JlYXRlIjoxODAwMDAwMDAwMDAwLCJkZWxldGUiOjE4MDAwMDAwMDAwMDAsInJlYWQiOjMwMDAwMDAwMDAwMCwidXBkYXRlIjozNjAwMDAwMDAwMDAwfSwic2NoZW1hX3ZlcnNpb24iOiIxIn0=",
          "dependencies": [
            "data.azurerm_subscription.current"
          ]
        }
      ]
    },
    {
      "mode": "managed",
      "type": "azurerm_role_definition",
      "name": "devops_lead",
      "provider": "provider[\"registry.terraform.io/hashicorp/azurerm\"]",
      "instances": [
        {
          "schema_version": 1,
          "attributes": {
            "assignable_scopes": [
              "/subscriptions/e4101d62-0536-4bd2-8dc8-e6693f134604"
            ],
            "description": "TechSprint DevOps Lead - puna kontrola nad svim resursima",
            "id": "/subscriptions/e4101d62-0536-4bd2-8dc8-e6693f134604/providers/Microsoft.Authorization/roleDefinitions/01f5089c-97e6-16ed-7ede-e293ff2dcb9f|/subscriptions/e4101d62-0536-4bd2-8dc8-e6693f134604",
            "name": "ts-test-role-devops-lead",
            "permissions": [
              {
                "actions": [
                  "Microsoft.Compute/*/read",
                  "Microsoft.Compute/virtualMachines/start/action",
                  "Microsoft.Compute/virtualMachines/deallocate/action",
                  "Microsoft.Compute/virtualMachines/restart/action",
                  "Microsoft.Compute/virtualMachines/powerOff/action",
                  "Microsoft.Network/*/read",
                  "Microsoft.Storage/*/read",
                  "Microsoft.Resources/subscriptions/resourceGroups/read"
                ],
                "data_actions": [],
                "not_actions": [],
                "not_data_actions": []
              }
            ],
            "role_definition_id": "01f5089c-97e6-16ed-7ede-e293ff2dcb9f",
            "role_definition_resource_id": "/subscriptions/e4101d62-0536-4bd2-8dc8-e6693f134604/providers/Microsoft.Authorization/roleDefinitions/01f5089c-97e6-16ed-7ede-e293ff2dcb9f",
            "scope": "/subscriptions/e4101d62-0536-4bd2-8dc8-e6693f134604",
            "timeouts": null
          },
          "sensitive_attributes": [],
          "identity_schema_version": 0,
          "private": "eyJlMmJmYjczMC1lY2FhLTExZTYtOGY4OC0zNDM2M2JjN2M0YzAiOnsiY3JlYXRlIjoxODAwMDAwMDAwMDAwLCJkZWxldGUiOjE4MDAwMDAwMDAwMDAsInJlYWQiOjMwMDAwMDAwMDAwMCwidXBkYXRlIjozNjAwMDAwMDAwMDAwfSwic2NoZW1hX3ZlcnNpb24iOiIxIn0=",
          "dependencies": [
            "data.azurerm_subscription.current"
          ]
        }
      ]
    },
    {
      "mode": "managed",
      "type": "azurerm_storage_account",
      "name": "dev",
      "provider": "provider[\"registry.terraform.io/hashicorp/azurerm\"]",
      "instances": [
        {
          "index_key": "luka.lukic",
          "schema_version": 4,
          "attributes": {
            "access_tier": "Hot",
            "account_kind": "StorageV2",
            "account_replication_type": "LRS",
            "account_tier": "Standard",
            "allow_nested_items_to_be_public": false,
            "allowed_copy_scope": "",
            "azure_files_authentication": [],
            "blob_properties": [
              {
                "change_feed_enabled": false,
                "change_feed_retention_in_days": 0,
                "container_delete_retention_policy": [],
                "cors_rule": [],
                "default_service_version": "",
                "delete_retention_policy": [],
                "last_access_time_enabled": false,
                "restore_policy": [],
                "versioning_enabled": false
              }
            ],
            "cross_tenant_replication_enabled": true,
            "custom_domain": [],
            "customer_managed_key": [],
            "default_to_oauth_authentication": false,
            "dns_endpoint_type": "Standard",
            "edge_zone": "",
            "enable_https_traffic_only": true,
            "https_traffic_only_enabled": true,
            "id": "/subscriptions/e4101d62-0536-4bd2-8dc8-e6693f134604/resourceGroups/ts-test-rg-luka.lukic/providers/Microsoft.Storage/storageAccounts/tslukalukicsa",
            "identity": [],
            "immutability_policy": [],
            "infrastructure_encryption_enabled": false,
            "is_hns_enabled": false,
            "large_file_share_enabled": false,
            "local_user_enabled": true,
            "location": "francecentral",
            "min_tls_version": "TLS1_2",
            "name": "tslukalukicsa",
            "network_rules": [],
            "nfsv3_enabled": false,
            "primary_access_key": "HO/G6eEebCacSRE2ubehVhYR5peiyQaQ6LPo+yQNrdtD3GrTBnJ3f+XHSoBWtBhGZoSuWe4NPEJs+AStgZytbQ==",
            "primary_blob_connection_string": "DefaultEndpointsProtocol=https;BlobEndpoint=https://tslukalukicsa.blob.core.windows.net/;AccountName=tslukalukicsa;AccountKey=HO/G6eEebCacSRE2ubehVhYR5peiyQaQ6LPo+yQNrdtD3GrTBnJ3f+XHSoBWtBhGZoSuWe4NPEJs+AStgZytbQ==",
            "primary_blob_endpoint": "https://tslukalukicsa.blob.core.windows.net/",
            "primary_blob_host": "tslukalukicsa.blob.core.windows.net",
            "primary_blob_internet_endpoint": "",
            "primary_blob_internet_host": "",
            "primary_blob_microsoft_endpoint": "",
            "primary_blob_microsoft_host": "",
            "primary_connection_string": "DefaultEndpointsProtocol=https;AccountName=tslukalukicsa;AccountKey=HO/G6eEebCacSRE2ubehVhYR5peiyQaQ6LPo+yQNrdtD3GrTBnJ3f+XHSoBWtBhGZoSuWe4NPEJs+AStgZytbQ==;EndpointSuffix=core.windows.net",
            "primary_dfs_endpoint": "https://tslukalukicsa.dfs.core.windows.net/",
            "primary_dfs_host": "tslukalukicsa.dfs.core.windows.net",
            "primary_dfs_internet_endpoint": "",
            "primary_dfs_internet_host": "",
            "primary_dfs_microsoft_endpoint": "",
            "primary_dfs_microsoft_host": "",
            "primary_file_endpoint": "https://tslukalukicsa.file.core.windows.net/",
            "primary_file_host": "tslukalukicsa.file.core.windows.net",
            "primary_file_internet_endpoint": "",
            "primary_file_internet_host": "",
            "primary_file_microsoft_endpoint": "",
            "primary_file_microsoft_host": "",
            "primary_location": "francecentral",
            "primary_queue_endpoint": "https://tslukalukicsa.queue.core.windows.net/",
            "primary_queue_host": "tslukalukicsa.queue.core.windows.net",
            "primary_queue_microsoft_endpoint": "",
            "primary_queue_microsoft_host": "",
            "primary_table_endpoint": "https://tslukalukicsa.table.core.windows.net/",
            "primary_table_host": "tslukalukicsa.table.core.windows.net",
            "primary_table_microsoft_endpoint": "",
            "primary_table_microsoft_host": "",
            "primary_web_endpoint": "https://tslukalukicsa.z28.web.core.windows.net/",
            "primary_web_host": "tslukalukicsa.z28.web.core.windows.net",
            "primary_web_internet_endpoint": "",
            "primary_web_internet_host": "",
            "primary_web_microsoft_endpoint": "",
            "primary_web_microsoft_host": "",
            "public_network_access_enabled": true,
            "queue_encryption_key_type": "Service",
            "queue_properties": [
              {
                "cors_rule": [],
                "hour_metrics": [
                  {
                    "enabled": false,
                    "include_apis": false,
                    "retention_policy_days": 0,
                    "version": "1.0"
                  }
                ],
                "logging": [
                  {
                    "delete": false,
                    "read": false,
                    "retention_policy_days": 0,
                    "version": "1.0",
                    "write": false
                  }
                ],
                "minute_metrics": [
                  {
                    "enabled": false,
                    "include_apis": false,
                    "retention_policy_days": 0,
                    "version": "1.0"
                  }
                ]
              }
            ],
            "resource_group_name": "ts-test-rg-luka.lukic",
            "routing": [],
            "sas_policy": [],
            "secondary_access_key": "VFlqNwvI55vlDGkxIA2323czQYTkltiRj/zyezFh6skdYYv/9xCSHZAGBG2CAc3st3PTpjptY6gv+AStqs3NGA==",
            "secondary_blob_connection_string": "",
            "secondary_blob_endpoint": "",
            "secondary_blob_host": "",
            "secondary_blob_internet_endpoint": "",
            "secondary_blob_internet_host": "",
            "secondary_blob_microsoft_endpoint": "",
            "secondary_blob_microsoft_host": "",
            "secondary_connection_string": "DefaultEndpointsProtocol=https;AccountName=tslukalukicsa;AccountKey=VFlqNwvI55vlDGkxIA2323czQYTkltiRj/zyezFh6skdYYv/9xCSHZAGBG2CAc3st3PTpjptY6gv+AStqs3NGA==;EndpointSuffix=core.windows.net",
            "secondary_dfs_endpoint": "",
            "secondary_dfs_host": "",
            "secondary_dfs_internet_endpoint": "",
            "secondary_dfs_internet_host": "",
            "secondary_dfs_microsoft_endpoint": "",
            "secondary_dfs_microsoft_host": "",
            "secondary_file_endpoint": "",
            "secondary_file_host": "",
            "secondary_file_internet_endpoint": "",
            "secondary_file_internet_host": "",
            "secondary_file_microsoft_endpoint": "",
            "secondary_file_microsoft_host": "",
            "secondary_location": "",
            "secondary_queue_endpoint": "",
            "secondary_queue_host": "",
            "secondary_queue_microsoft_endpoint": "",
            "secondary_queue_microsoft_host": "",
            "secondary_table_endpoint": "",
            "secondary_table_host": "",
            "secondary_table_microsoft_endpoint": "",
            "secondary_table_microsoft_host": "",
            "secondary_web_endpoint": "",
            "secondary_web_host": "",
            "secondary_web_internet_endpoint": "",
            "secondary_web_internet_host": "",
            "secondary_web_microsoft_endpoint": "",
            "secondary_web_microsoft_host": "",
            "sftp_enabled": false,
            "share_properties": [
              {
                "cors_rule": [],
                "retention_policy": [
                  {
                    "days": 7
                  }
                ],
                "smb": []
              }
            ],
            "shared_access_key_enabled": true,
            "static_website": [],
            "table_encryption_key_type": "Service",
            "tags": {
              "environment": "testing",
              "owner": "luka.lukic",
              "project": "techsprint"
            },
            "timeouts": null
          },
          "sensitive_attributes": [
            [
              {
                "type": "get_attr",
                "value": "primary_access_key"
              }
            ],
            [
              {
                "type": "get_attr",
                "value": "primary_blob_connection_string"
              }
            ],
            [
              {
                "type": "get_attr",
                "value": "primary_connection_string"
              }
            ],
            [
              {
                "type": "get_attr",
                "value": "secondary_access_key"
              }
            ],
            [
              {
                "type": "get_attr",
                "value": "secondary_blob_connection_string"
              }
            ],
            [
              {
                "type": "get_attr",
                "value": "secondary_connection_string"
              }
            ]
          ],
          "identity_schema_version": 0,
          "private": "eyJlMmJmYjczMC1lY2FhLTExZTYtOGY4OC0zNDM2M2JjN2M0YzAiOnsiY3JlYXRlIjozNjAwMDAwMDAwMDAwLCJkZWxldGUiOjM2MDAwMDAwMDAwMDAsInJlYWQiOjMwMDAwMDAwMDAwMCwidXBkYXRlIjozNjAwMDAwMDAwMDAwfSwic2NoZW1hX3ZlcnNpb24iOiI0In0=",
          "dependencies": [
            "azurerm_resource_group.dev"
          ]
        },
        {
          "index_key": "marko.markovic",
          "schema_version": 4,
          "attributes": {
            "access_tier": "Hot",
            "account_kind": "StorageV2",
            "account_replication_type": "LRS",
            "account_tier": "Standard",
            "allow_nested_items_to_be_public": false,
            "allowed_copy_scope": "",
            "azure_files_authentication": [],
            "blob_properties": [
              {
                "change_feed_enabled": false,
                "change_feed_retention_in_days": 0,
                "container_delete_retention_policy": [],
                "cors_rule": [],
                "default_service_version": "",
                "delete_retention_policy": [],
                "last_access_time_enabled": false,
                "restore_policy": [],
                "versioning_enabled": false
              }
            ],
            "cross_tenant_replication_enabled": true,
            "custom_domain": [],
            "customer_managed_key": [],
            "default_to_oauth_authentication": false,
            "dns_endpoint_type": "Standard",
            "edge_zone": "",
            "enable_https_traffic_only": true,
            "https_traffic_only_enabled": true,
            "id": "/subscriptions/e4101d62-0536-4bd2-8dc8-e6693f134604/resourceGroups/ts-test-rg-marko.markovic/providers/Microsoft.Storage/storageAccounts/tsmarkomarkovicsa",
            "identity": [],
            "immutability_policy": [],
            "infrastructure_encryption_enabled": false,
            "is_hns_enabled": false,
            "large_file_share_enabled": false,
            "local_user_enabled": true,
            "location": "francecentral",
            "min_tls_version": "TLS1_2",
            "name": "tsmarkomarkovicsa",
            "network_rules": [],
            "nfsv3_enabled": false,
            "primary_access_key": "SWY/C+Jew4AVN1G3Q3qZ4niN7WHhogbIru6G3Ztm8ZD1w8CxHN6K3nAygpFFqafa4DCyamdUBLAw+AStD9bkAg==",
            "primary_blob_connection_string": "DefaultEndpointsProtocol=https;BlobEndpoint=https://tsmarkomarkovicsa.blob.core.windows.net/;AccountName=tsmarkomarkovicsa;AccountKey=SWY/C+Jew4AVN1G3Q3qZ4niN7WHhogbIru6G3Ztm8ZD1w8CxHN6K3nAygpFFqafa4DCyamdUBLAw+AStD9bkAg==",
            "primary_blob_endpoint": "https://tsmarkomarkovicsa.blob.core.windows.net/",
            "primary_blob_host": "tsmarkomarkovicsa.blob.core.windows.net",
            "primary_blob_internet_endpoint": "",
            "primary_blob_internet_host": "",
            "primary_blob_microsoft_endpoint": "",
            "primary_blob_microsoft_host": "",
            "primary_connection_string": "DefaultEndpointsProtocol=https;AccountName=tsmarkomarkovicsa;AccountKey=SWY/C+Jew4AVN1G3Q3qZ4niN7WHhogbIru6G3Ztm8ZD1w8CxHN6K3nAygpFFqafa4DCyamdUBLAw+AStD9bkAg==;EndpointSuffix=core.windows.net",
            "primary_dfs_endpoint": "https://tsmarkomarkovicsa.dfs.core.windows.net/",
            "primary_dfs_host": "tsmarkomarkovicsa.dfs.core.windows.net",
            "primary_dfs_internet_endpoint": "",
            "primary_dfs_internet_host": "",
            "primary_dfs_microsoft_endpoint": "",
            "primary_dfs_microsoft_host": "",
            "primary_file_endpoint": "https://tsmarkomarkovicsa.file.core.windows.net/",
            "primary_file_host": "tsmarkomarkovicsa.file.core.windows.net",
            "primary_file_internet_endpoint": "",
            "primary_file_internet_host": "",
            "primary_file_microsoft_endpoint": "",
            "primary_file_microsoft_host": "",
            "primary_location": "francecentral",
            "primary_queue_endpoint": "https://tsmarkomarkovicsa.queue.core.windows.net/",
            "primary_queue_host": "tsmarkomarkovicsa.queue.core.windows.net",
            "primary_queue_microsoft_endpoint": "",
            "primary_queue_microsoft_host": "",
            "primary_table_endpoint": "https://tsmarkomarkovicsa.table.core.windows.net/",
            "primary_table_host": "tsmarkomarkovicsa.table.core.windows.net",
            "primary_table_microsoft_endpoint": "",
            "primary_table_microsoft_host": "",
            "primary_web_endpoint": "https://tsmarkomarkovicsa.z28.web.core.windows.net/",
            "primary_web_host": "tsmarkomarkovicsa.z28.web.core.windows.net",
            "primary_web_internet_endpoint": "",
            "primary_web_internet_host": "",
            "primary_web_microsoft_endpoint": "",
            "primary_web_microsoft_host": "",
            "public_network_access_enabled": true,
            "queue_encryption_key_type": "Service",
            "queue_properties": [
              {
                "cors_rule": [],
                "hour_metrics": [
                  {
                    "enabled": false,
                    "include_apis": false,
                    "retention_policy_days": 0,
                    "version": "1.0"
                  }
                ],
                "logging": [
                  {
                    "delete": false,
                    "read": false,
                    "retention_policy_days": 0,
                    "version": "1.0",
                    "write": false
                  }
                ],
                "minute_metrics": [
                  {
                    "enabled": false,
                    "include_apis": false,
                    "retention_policy_days": 0,
                    "version": "1.0"
                  }
                ]
              }
            ],
            "resource_group_name": "ts-test-rg-marko.markovic",
            "routing": [],
            "sas_policy": [],
            "secondary_access_key": "qaz99bsIbUVwbOX2pPbztXgrEu6bwM0QR+bKgYuQDYl0cROuT4P5m85nrkFUcM+cOlh8CojDF+/3+AStXoRiSw==",
            "secondary_blob_connection_string": "",
            "secondary_blob_endpoint": "",
            "secondary_blob_host": "",
            "secondary_blob_internet_endpoint": "",
            "secondary_blob_internet_host": "",
            "secondary_blob_microsoft_endpoint": "",
            "secondary_blob_microsoft_host": "",
            "secondary_connection_string": "DefaultEndpointsProtocol=https;AccountName=tsmarkomarkovicsa;AccountKey=qaz99bsIbUVwbOX2pPbztXgrEu6bwM0QR+bKgYuQDYl0cROuT4P5m85nrkFUcM+cOlh8CojDF+/3+AStXoRiSw==;EndpointSuffix=core.windows.net",
            "secondary_dfs_endpoint": "",
            "secondary_dfs_host": "",
            "secondary_dfs_internet_endpoint": "",
            "secondary_dfs_internet_host": "",
            "secondary_dfs_microsoft_endpoint": "",
            "secondary_dfs_microsoft_host": "",
            "secondary_file_endpoint": "",
            "secondary_file_host": "",
            "secondary_file_internet_endpoint": "",
            "secondary_file_internet_host": "",
            "secondary_file_microsoft_endpoint": "",
            "secondary_file_microsoft_host": "",
            "secondary_location": "",
            "secondary_queue_endpoint": "",
            "secondary_queue_host": "",
            "secondary_queue_microsoft_endpoint": "",
            "secondary_queue_microsoft_host": "",
            "secondary_table_endpoint": "",
            "secondary_table_host": "",
            "secondary_table_microsoft_endpoint": "",
            "secondary_table_microsoft_host": "",
            "secondary_web_endpoint": "",
            "secondary_web_host": "",
            "secondary_web_internet_endpoint": "",
            "secondary_web_internet_host": "",
            "secondary_web_microsoft_endpoint": "",
            "secondary_web_microsoft_host": "",
            "sftp_enabled": false,
            "share_properties": [
              {
                "cors_rule": [],
                "retention_policy": [
                  {
                    "days": 7
                  }
                ],
                "smb": []
              }
            ],
            "shared_access_key_enabled": true,
            "static_website": [],
            "table_encryption_key_type": "Service",
            "tags": {
              "environment": "testing",
              "owner": "marko.markovic",
              "project": "techsprint"
            },
            "timeouts": null
          },
          "sensitive_attributes": [
            [
              {
                "type": "get_attr",
                "value": "primary_access_key"
              }
            ],
            [
              {
                "type": "get_attr",
                "value": "primary_blob_connection_string"
              }
            ],
            [
              {
                "type": "get_attr",
                "value": "primary_connection_string"
              }
            ],
            [
              {
                "type": "get_attr",
                "value": "secondary_access_key"
              }
            ],
            [
              {
                "type": "get_attr",
                "value": "secondary_blob_connection_string"
              }
            ],
            [
              {
                "type": "get_attr",
                "value": "secondary_connection_string"
              }
            ]
          ],
          "identity_schema_version": 0,
          "private": "eyJlMmJmYjczMC1lY2FhLTExZTYtOGY4OC0zNDM2M2JjN2M0YzAiOnsiY3JlYXRlIjozNjAwMDAwMDAwMDAwLCJkZWxldGUiOjM2MDAwMDAwMDAwMDAsInJlYWQiOjMwMDAwMDAwMDAwMCwidXBkYXRlIjozNjAwMDAwMDAwMDAwfSwic2NoZW1hX3ZlcnNpb24iOiI0In0=",
          "dependencies": [
            "azurerm_resource_group.dev"
          ]
        }
      ]
    },
    {
      "mode": "managed",
      "type": "azurerm_storage_container",
      "name": "moodle_data",
      "provider": "provider[\"registry.terraform.io/hashicorp/azurerm\"]",
      "instances": [
        {
          "index_key": "luka.lukic",
          "schema_version": 1,
          "attributes": {
            "container_access_type": "private",
            "default_encryption_scope": "$account-encryption-key",
            "encryption_scope_override_enabled": true,
            "has_immutability_policy": false,
            "has_legal_hold": false,
            "id": "https://tslukalukicsa.blob.core.windows.net/moodle-data",
            "metadata": {},
            "name": "moodle-data",
            "resource_manager_id": "/subscriptions/e4101d62-0536-4bd2-8dc8-e6693f134604/resourceGroups/ts-test-rg-luka.lukic/providers/Microsoft.Storage/storageAccounts/tslukalukicsa/blobServices/default/containers/moodle-data",
            "storage_account_name": "tslukalukicsa",
            "timeouts": null
          },
          "sensitive_attributes": [],
          "identity_schema_version": 0,
          "private": "eyJlMmJmYjczMC1lY2FhLTExZTYtOGY4OC0zNDM2M2JjN2M0YzAiOnsiY3JlYXRlIjoxODAwMDAwMDAwMDAwLCJkZWxldGUiOjE4MDAwMDAwMDAwMDAsInJlYWQiOjMwMDAwMDAwMDAwMCwidXBkYXRlIjoxODAwMDAwMDAwMDAwfSwic2NoZW1hX3ZlcnNpb24iOiIxIn0=",
          "dependencies": [
            "azurerm_resource_group.dev",
            "azurerm_storage_account.dev"
          ]
        },
        {
          "index_key": "marko.markovic",
          "schema_version": 1,
          "attributes": {
            "container_access_type": "private",
            "default_encryption_scope": "$account-encryption-key",
            "encryption_scope_override_enabled": true,
            "has_immutability_policy": false,
            "has_legal_hold": false,
            "id": "https://tsmarkomarkovicsa.blob.core.windows.net/moodle-data",
            "metadata": {},
            "name": "moodle-data",
            "resource_manager_id": "/subscriptions/e4101d62-0536-4bd2-8dc8-e6693f134604/resourceGroups/ts-test-rg-marko.markovic/providers/Microsoft.Storage/storageAccounts/tsmarkomarkovicsa/blobServices/default/containers/moodle-data",
            "storage_account_name": "tsmarkomarkovicsa",
            "timeouts": null
          },
          "sensitive_attributes": [],
          "identity_schema_version": 0,
          "private": "eyJlMmJmYjczMC1lY2FhLTExZTYtOGY4OC0zNDM2M2JjN2M0YzAiOnsiY3JlYXRlIjoxODAwMDAwMDAwMDAwLCJkZWxldGUiOjE4MDAwMDAwMDAwMDAsInJlYWQiOjMwMDAwMDAwMDAwMCwidXBkYXRlIjoxODAwMDAwMDAwMDAwfSwic2NoZW1hX3ZlcnNpb24iOiIxIn0=",
          "dependencies": [
            "azurerm_resource_group.dev",
            "azurerm_storage_account.dev"
          ]
        }
      ]
    },
    {
      "mode": "managed",
      "type": "azurerm_storage_share",
      "name": "moodle_backup",
      "provider": "provider[\"registry.terraform.io/hashicorp/azurerm\"]",
      "instances": [
        {
          "index_key": "luka.lukic",
          "schema_version": 2,
          "attributes": {
            "access_tier": "TransactionOptimized",
            "acl": [],
            "enabled_protocol": "SMB",
            "id": "https://tslukalukicsa.file.core.windows.net/moodle-backup",
            "metadata": {},
            "name": "moodle-backup",
            "quota": 50,
            "resource_manager_id": "/subscriptions/e4101d62-0536-4bd2-8dc8-e6693f134604/resourceGroups/ts-test-rg-luka.lukic/providers/Microsoft.Storage/storageAccounts/tslukalukicsa/fileServices/default/fileshares/moodle-backup",
            "storage_account_name": "tslukalukicsa",
            "timeouts": null,
            "url": "https://tslukalukicsa.file.core.windows.net/moodle-backup"
          },
          "sensitive_attributes": [],
          "identity_schema_version": 0,
          "private": "eyJlMmJmYjczMC1lY2FhLTExZTYtOGY4OC0zNDM2M2JjN2M0YzAiOnsiY3JlYXRlIjoxODAwMDAwMDAwMDAwLCJkZWxldGUiOjE4MDAwMDAwMDAwMDAsInJlYWQiOjMwMDAwMDAwMDAwMCwidXBkYXRlIjoxODAwMDAwMDAwMDAwfSwic2NoZW1hX3ZlcnNpb24iOiIyIn0=",
          "dependencies": [
            "azurerm_resource_group.dev",
            "azurerm_storage_account.dev"
          ]
        },
        {
          "index_key": "marko.markovic",
          "schema_version": 2,
          "attributes": {
            "access_tier": "TransactionOptimized",
            "acl": [],
            "enabled_protocol": "SMB",
            "id": "https://tsmarkomarkovicsa.file.core.windows.net/moodle-backup",
            "metadata": {},
            "name": "moodle-backup",
            "quota": 50,
            "resource_manager_id": "/subscriptions/e4101d62-0536-4bd2-8dc8-e6693f134604/resourceGroups/ts-test-rg-marko.markovic/providers/Microsoft.Storage/storageAccounts/tsmarkomarkovicsa/fileServices/default/fileshares/moodle-backup",
            "storage_account_name": "tsmarkomarkovicsa",
            "timeouts": null,
            "url": "https://tsmarkomarkovicsa.file.core.windows.net/moodle-backup"
          },
          "sensitive_attributes": [],
          "identity_schema_version": 0,
          "private": "eyJlMmJmYjczMC1lY2FhLTExZTYtOGY4OC0zNDM2M2JjN2M0YzAiOnsiY3JlYXRlIjoxODAwMDAwMDAwMDAwLCJkZWxldGUiOjE4MDAwMDAwMDAwMDAsInJlYWQiOjMwMDAwMDAwMDAwMCwidXBkYXRlIjoxODAwMDAwMDAwMDAwfSwic2NoZW1hX3ZlcnNpb24iOiIyIn0=",
          "dependencies": [
            "azurerm_resource_group.dev",
            "azurerm_storage_account.dev"
          ]
        }
      ]
    },
    {
      "mode": "managed",
      "type": "azurerm_subnet",
      "name": "dev_app",
      "provider": "provider[\"registry.terraform.io/hashicorp/azurerm\"]",
      "instances": [
        {
          "index_key": "luka.lukic",
          "schema_version": 0,
          "attributes": {
            "address_prefixes": [
              "10.1.1.0/24"
            ],
            "default_outbound_access_enabled": true,
            "delegation": [],
            "enforce_private_link_endpoint_network_policies": false,
            "enforce_private_link_service_network_policies": false,
            "id": "/subscriptions/e4101d62-0536-4bd2-8dc8-e6693f134604/resourceGroups/ts-test-rg-luka.lukic/providers/Microsoft.Network/virtualNetworks/ts-test-vnet-luka.lukic/subnets/snet-app",
            "name": "snet-app",
            "private_endpoint_network_policies": "Enabled",
            "private_endpoint_network_policies_enabled": true,
            "private_link_service_network_policies_enabled": true,
            "resource_group_name": "ts-test-rg-luka.lukic",
            "service_endpoint_policy_ids": null,
            "service_endpoints": null,
            "timeouts": null,
            "virtual_network_name": "ts-test-vnet-luka.lukic"
          },
          "sensitive_attributes": [],
          "identity_schema_version": 0,
          "private": "eyJlMmJmYjczMC1lY2FhLTExZTYtOGY4OC0zNDM2M2JjN2M0YzAiOnsiY3JlYXRlIjoxODAwMDAwMDAwMDAwLCJkZWxldGUiOjE4MDAwMDAwMDAwMDAsInJlYWQiOjMwMDAwMDAwMDAwMCwidXBkYXRlIjoxODAwMDAwMDAwMDAwfX0=",
          "dependencies": [
            "azurerm_resource_group.dev",
            "azurerm_virtual_network.dev"
          ]
        },
        {
          "index_key": "marko.markovic",
          "schema_version": 0,
          "attributes": {
            "address_prefixes": [
              "10.2.1.0/24"
            ],
            "default_outbound_access_enabled": true,
            "delegation": [],
            "enforce_private_link_endpoint_network_policies": false,
            "enforce_private_link_service_network_policies": false,
            "id": "/subscriptions/e4101d62-0536-4bd2-8dc8-e6693f134604/resourceGroups/ts-test-rg-marko.markovic/providers/Microsoft.Network/virtualNetworks/ts-test-vnet-marko.markovic/subnets/snet-app",
            "name": "snet-app",
            "private_endpoint_network_policies": "Enabled",
            "private_endpoint_network_policies_enabled": true,
            "private_link_service_network_policies_enabled": true,
            "resource_group_name": "ts-test-rg-marko.markovic",
            "service_endpoint_policy_ids": null,
            "service_endpoints": null,
            "timeouts": null,
            "virtual_network_name": "ts-test-vnet-marko.markovic"
          },
          "sensitive_attributes": [],
          "identity_schema_version": 0,
          "private": "eyJlMmJmYjczMC1lY2FhLTExZTYtOGY4OC0zNDM2M2JjN2M0YzAiOnsiY3JlYXRlIjoxODAwMDAwMDAwMDAwLCJkZWxldGUiOjE4MDAwMDAwMDAwMDAsInJlYWQiOjMwMDAwMDAwMDAwMCwidXBkYXRlIjoxODAwMDAwMDAwMDAwfX0=",
          "dependencies": [
            "azurerm_resource_group.dev",
            "azurerm_virtual_network.dev"
          ]
        }
      ]
    },
    {
      "mode": "managed",
      "type": "azurerm_subnet",
      "name": "mgmt",
      "provider": "provider[\"registry.terraform.io/hashicorp/azurerm\"]",
      "instances": [
        {
          "schema_version": 0,
          "attributes": {
            "address_prefixes": [
              "10.0.1.0/24"
            ],
            "default_outbound_access_enabled": true,
            "delegation": [],
            "enforce_private_link_endpoint_network_policies": false,
            "enforce_private_link_service_network_policies": false,
            "id": "/subscriptions/e4101d62-0536-4bd2-8dc8-e6693f134604/resourceGroups/ts-test-rg-shared/providers/Microsoft.Network/virtualNetworks/ts-test-vnet-mgmt/subnets/snet-mgmt",
            "name": "snet-mgmt",
            "private_endpoint_network_policies": "Enabled",
            "private_endpoint_network_policies_enabled": true,
            "private_link_service_network_policies_enabled": true,
            "resource_group_name": "ts-test-rg-shared",
            "service_endpoint_policy_ids": null,
            "service_endpoints": null,
            "timeouts": null,
            "virtual_network_name": "ts-test-vnet-mgmt"
          },
          "sensitive_attributes": [],
          "identity_schema_version": 0,
          "private": "eyJlMmJmYjczMC1lY2FhLTExZTYtOGY4OC0zNDM2M2JjN2M0YzAiOnsiY3JlYXRlIjoxODAwMDAwMDAwMDAwLCJkZWxldGUiOjE4MDAwMDAwMDAwMDAsInJlYWQiOjMwMDAwMDAwMDAwMCwidXBkYXRlIjoxODAwMDAwMDAwMDAwfX0=",
          "dependencies": [
            "azurerm_resource_group.shared",
            "azurerm_virtual_network.mgmt"
          ]
        }
      ]
    },
    {
      "mode": "managed",
      "type": "azurerm_subnet_network_security_group_association",
      "name": "dev",
      "provider": "provider[\"registry.terraform.io/hashicorp/azurerm\"]",
      "instances": [
        {
          "index_key": "luka.lukic",
          "schema_version": 0,
          "attributes": {
            "id": "/subscriptions/e4101d62-0536-4bd2-8dc8-e6693f134604/resourceGroups/ts-test-rg-luka.lukic/providers/Microsoft.Network/virtualNetworks/ts-test-vnet-luka.lukic/subnets/snet-app",
            "network_security_group_id": "/subscriptions/e4101d62-0536-4bd2-8dc8-e6693f134604/resourceGroups/ts-test-rg-luka.lukic/providers/Microsoft.Network/networkSecurityGroups/ts-test-nsg-luka.lukic",
            "subnet_id": "/subscriptions/e4101d62-0536-4bd2-8dc8-e6693f134604/resourceGroups/ts-test-rg-luka.lukic/providers/Microsoft.Network/virtualNetworks/ts-test-vnet-luka.lukic/subnets/snet-app",
            "timeouts": null
          },
          "sensitive_attributes": [],
          "identity_schema_version": 0,
          "private": "eyJlMmJmYjczMC1lY2FhLTExZTYtOGY4OC0zNDM2M2JjN2M0YzAiOnsiY3JlYXRlIjoxODAwMDAwMDAwMDAwLCJkZWxldGUiOjE4MDAwMDAwMDAwMDAsInJlYWQiOjMwMDAwMDAwMDAwMH19",
          "dependencies": [
            "azurerm_network_security_group.dev",
            "azurerm_resource_group.dev",
            "azurerm_subnet.dev_app",
            "azurerm_virtual_network.dev"
          ]
        },
        {
          "index_key": "marko.markovic",
          "schema_version": 0,
          "attributes": {
            "id": "/subscriptions/e4101d62-0536-4bd2-8dc8-e6693f134604/resourceGroups/ts-test-rg-marko.markovic/providers/Microsoft.Network/virtualNetworks/ts-test-vnet-marko.markovic/subnets/snet-app",
            "network_security_group_id": "/subscriptions/e4101d62-0536-4bd2-8dc8-e6693f134604/resourceGroups/ts-test-rg-marko.markovic/providers/Microsoft.Network/networkSecurityGroups/ts-test-nsg-marko.markovic",
            "subnet_id": "/subscriptions/e4101d62-0536-4bd2-8dc8-e6693f134604/resourceGroups/ts-test-rg-marko.markovic/providers/Microsoft.Network/virtualNetworks/ts-test-vnet-marko.markovic/subnets/snet-app",
            "timeouts": null
          },
          "sensitive_attributes": [],
          "identity_schema_version": 0,
          "private": "eyJlMmJmYjczMC1lY2FhLTExZTYtOGY4OC0zNDM2M2JjN2M0YzAiOnsiY3JlYXRlIjoxODAwMDAwMDAwMDAwLCJkZWxldGUiOjE4MDAwMDAwMDAwMDAsInJlYWQiOjMwMDAwMDAwMDAwMH19",
          "dependencies": [
            "azurerm_network_security_group.dev",
            "azurerm_resource_group.dev",
            "azurerm_subnet.dev_app",
            "azurerm_virtual_network.dev"
          ]
        }
      ]
    },
    {
      "mode": "managed",
      "type": "azurerm_subnet_network_security_group_association",
      "name": "mgmt",
      "provider": "provider[\"registry.terraform.io/hashicorp/azurerm\"]",
      "instances": [
        {
          "schema_version": 0,
          "attributes": {
            "id": "/subscriptions/e4101d62-0536-4bd2-8dc8-e6693f134604/resourceGroups/ts-test-rg-shared/providers/Microsoft.Network/virtualNetworks/ts-test-vnet-mgmt/subnets/snet-mgmt",
            "network_security_group_id": "/subscriptions/e4101d62-0536-4bd2-8dc8-e6693f134604/resourceGroups/ts-test-rg-shared/providers/Microsoft.Network/networkSecurityGroups/ts-test-nsg-mgmt",
            "subnet_id": "/subscriptions/e4101d62-0536-4bd2-8dc8-e6693f134604/resourceGroups/ts-test-rg-shared/providers/Microsoft.Network/virtualNetworks/ts-test-vnet-mgmt/subnets/snet-mgmt",
            "timeouts": null
          },
          "sensitive_attributes": [],
          "identity_schema_version": 0,
          "private": "eyJlMmJmYjczMC1lY2FhLTExZTYtOGY4OC0zNDM2M2JjN2M0YzAiOnsiY3JlYXRlIjoxODAwMDAwMDAwMDAwLCJkZWxldGUiOjE4MDAwMDAwMDAwMDAsInJlYWQiOjMwMDAwMDAwMDAwMH19",
          "dependencies": [
            "azurerm_network_security_group.mgmt",
            "azurerm_resource_group.shared",
            "azurerm_subnet.mgmt",
            "azurerm_virtual_network.mgmt"
          ]
        }
      ]
    },
    {
      "mode": "managed",
      "type": "azurerm_virtual_machine_data_disk_attachment",
      "name": "data",
      "provider": "provider[\"registry.terraform.io/hashicorp/azurerm\"]",
      "instances": [
        {
          "index_key": "luka.lukic",
          "schema_version": 0,
          "attributes": {
            "caching": "ReadWrite",
            "create_option": "Attach",
            "id": "/subscriptions/e4101d62-0536-4bd2-8dc8-e6693f134604/resourceGroups/ts-test-rg-luka.lukic/providers/Microsoft.Compute/virtualMachines/ts-test-vm-luka.lukic/dataDisks/ts-test-datadisk-luka.lukic",
            "lun": 0,
            "managed_disk_id": "/subscriptions/e4101d62-0536-4bd2-8dc8-e6693f134604/resourceGroups/ts-test-rg-luka.lukic/providers/Microsoft.Compute/disks/ts-test-datadisk-luka.lukic",
            "timeouts": null,
            "virtual_machine_id": "/subscriptions/e4101d62-0536-4bd2-8dc8-e6693f134604/resourceGroups/ts-test-rg-luka.lukic/providers/Microsoft.Compute/virtualMachines/ts-test-vm-luka.lukic",
            "write_accelerator_enabled": false
          },
          "sensitive_attributes": [],
          "identity_schema_version": 0,
          "private": "eyJlMmJmYjczMC1lY2FhLTExZTYtOGY4OC0zNDM2M2JjN2M0YzAiOnsiY3JlYXRlIjoxODAwMDAwMDAwMDAwLCJkZWxldGUiOjE4MDAwMDAwMDAwMDAsInJlYWQiOjMwMDAwMDAwMDAwMCwidXBkYXRlIjoxODAwMDAwMDAwMDAwfX0=",
          "dependencies": [
            "azurerm_linux_virtual_machine.dev_vm",
            "azurerm_managed_disk.data",
            "azurerm_network_interface.dev_vm",
            "azurerm_resource_group.dev",
            "azurerm_subnet.dev_app",
            "azurerm_virtual_network.dev"
          ]
        },
        {
          "index_key": "marko.markovic",
          "schema_version": 0,
          "attributes": {
            "caching": "ReadWrite",
            "create_option": "Attach",
            "id": "/subscriptions/e4101d62-0536-4bd2-8dc8-e6693f134604/resourceGroups/ts-test-rg-marko.markovic/providers/Microsoft.Compute/virtualMachines/ts-test-vm-marko.markovic/dataDisks/ts-test-datadisk-marko.markovic",
            "lun": 0,
            "managed_disk_id": "/subscriptions/e4101d62-0536-4bd2-8dc8-e6693f134604/resourceGroups/ts-test-rg-marko.markovic/providers/Microsoft.Compute/disks/ts-test-datadisk-marko.markovic",
            "timeouts": null,
            "virtual_machine_id": "/subscriptions/e4101d62-0536-4bd2-8dc8-e6693f134604/resourceGroups/ts-test-rg-marko.markovic/providers/Microsoft.Compute/virtualMachines/ts-test-vm-marko.markovic",
            "write_accelerator_enabled": false
          },
          "sensitive_attributes": [],
          "identity_schema_version": 0,
          "private": "eyJlMmJmYjczMC1lY2FhLTExZTYtOGY4OC0zNDM2M2JjN2M0YzAiOnsiY3JlYXRlIjoxODAwMDAwMDAwMDAwLCJkZWxldGUiOjE4MDAwMDAwMDAwMDAsInJlYWQiOjMwMDAwMDAwMDAwMCwidXBkYXRlIjoxODAwMDAwMDAwMDAwfX0=",
          "dependencies": [
            "azurerm_linux_virtual_machine.dev_vm",
            "azurerm_managed_disk.data",
            "azurerm_network_interface.dev_vm",
            "azurerm_resource_group.dev",
            "azurerm_subnet.dev_app",
            "azurerm_virtual_network.dev"
          ]
        }
      ]
    },
    {
      "mode": "managed",
      "type": "azurerm_virtual_network",
      "name": "dev",
      "provider": "provider[\"registry.terraform.io/hashicorp/azurerm\"]",
      "instances": [
        {
          "index_key": "luka.lukic",
          "schema_version": 0,
          "attributes": {
            "address_space": [
              "10.1.0.0/16"
            ],
            "bgp_community": "",
            "ddos_protection_plan": [],
            "dns_servers": [],
            "edge_zone": "",
            "encryption": [],
            "flow_timeout_in_minutes": 0,
            "guid": "c820b963-1a32-41f4-bbff-27a075fad4eb",
            "id": "/subscriptions/e4101d62-0536-4bd2-8dc8-e6693f134604/resourceGroups/ts-test-rg-luka.lukic/providers/Microsoft.Network/virtualNetworks/ts-test-vnet-luka.lukic",
            "location": "francecentral",
            "name": "ts-test-vnet-luka.lukic",
            "resource_group_name": "ts-test-rg-luka.lukic",
            "subnet": [],
            "tags": {
              "environment": "testing",
              "owner": "luka.lukic",
              "project": "techsprint"
            },
            "timeouts": null
          },
          "sensitive_attributes": [],
          "identity_schema_version": 0,
          "private": "eyJlMmJmYjczMC1lY2FhLTExZTYtOGY4OC0zNDM2M2JjN2M0YzAiOnsiY3JlYXRlIjoxODAwMDAwMDAwMDAwLCJkZWxldGUiOjE4MDAwMDAwMDAwMDAsInJlYWQiOjMwMDAwMDAwMDAwMCwidXBkYXRlIjoxODAwMDAwMDAwMDAwfX0=",
          "dependencies": [
            "azurerm_resource_group.dev"
          ]
        },
        {
          "index_key": "marko.markovic",
          "schema_version": 0,
          "attributes": {
            "address_space": [
              "10.2.0.0/16"
            ],
            "bgp_community": "",
            "ddos_protection_plan": [],
            "dns_servers": [],
            "edge_zone": "",
            "encryption": [],
            "flow_timeout_in_minutes": 0,
            "guid": "7d04ba4e-3deb-48aa-9de9-76e22d7a79f8",
            "id": "/subscriptions/e4101d62-0536-4bd2-8dc8-e6693f134604/resourceGroups/ts-test-rg-marko.markovic/providers/Microsoft.Network/virtualNetworks/ts-test-vnet-marko.markovic",
            "location": "francecentral",
            "name": "ts-test-vnet-marko.markovic",
            "resource_group_name": "ts-test-rg-marko.markovic",
            "subnet": [],
            "tags": {
              "environment": "testing",
              "owner": "marko.markovic",
              "project": "techsprint"
            },
            "timeouts": null
          },
          "sensitive_attributes": [],
          "identity_schema_version": 0,
          "private": "eyJlMmJmYjczMC1lY2FhLTExZTYtOGY4OC0zNDM2M2JjN2M0YzAiOnsiY3JlYXRlIjoxODAwMDAwMDAwMDAwLCJkZWxldGUiOjE4MDAwMDAwMDAwMDAsInJlYWQiOjMwMDAwMDAwMDAwMCwidXBkYXRlIjoxODAwMDAwMDAwMDAwfX0=",
          "dependencies": [
            "azurerm_resource_group.dev"
          ]
        }
      ]
    },
    {
      "mode": "managed",
      "type": "azurerm_virtual_network",
      "name": "mgmt",
      "provider": "provider[\"registry.terraform.io/hashicorp/azurerm\"]",
      "instances": [
        {
          "schema_version": 0,
          "attributes": {
            "address_space": [
              "10.0.0.0/16"
            ],
            "bgp_community": "",
            "ddos_protection_plan": [],
            "dns_servers": [],
            "edge_zone": "",
            "encryption": [],
            "flow_timeout_in_minutes": 0,
            "guid": "150c1b45-149c-460b-a2b2-aafad9ecba3f",
            "id": "/subscriptions/e4101d62-0536-4bd2-8dc8-e6693f134604/resourceGroups/ts-test-rg-shared/providers/Microsoft.Network/virtualNetworks/ts-test-vnet-mgmt",
            "location": "francecentral",
            "name": "ts-test-vnet-mgmt",
            "resource_group_name": "ts-test-rg-shared",
            "subnet": [],
            "tags": {
              "environment": "testing",
              "project": "techsprint"
            },
            "timeouts": null
          },
          "sensitive_attributes": [],
          "identity_schema_version": 0,
          "private": "eyJlMmJmYjczMC1lY2FhLTExZTYtOGY4OC0zNDM2M2JjN2M0YzAiOnsiY3JlYXRlIjoxODAwMDAwMDAwMDAwLCJkZWxldGUiOjE4MDAwMDAwMDAwMDAsInJlYWQiOjMwMDAwMDAwMDAwMCwidXBkYXRlIjoxODAwMDAwMDAwMDAwfX0=",
          "dependencies": [
            "azurerm_resource_group.shared"
          ]
        }
      ]
    },
    {
      "mode": "managed",
      "type": "azurerm_virtual_network_peering",
      "name": "dev_to_mgmt",
      "provider": "provider[\"registry.terraform.io/hashicorp/azurerm\"]",
      "instances": [
        {
          "index_key": "luka.lukic",
          "schema_version": 0,
          "attributes": {
            "allow_forwarded_traffic": false,
            "allow_gateway_transit": false,
            "allow_virtual_network_access": true,
            "id": "/subscriptions/e4101d62-0536-4bd2-8dc8-e6693f134604/resourceGroups/ts-test-rg-luka.lukic/providers/Microsoft.Network/virtualNetworks/ts-test-vnet-luka.lukic/virtualNetworkPeerings/peer-luka.lukic-to-mgmt",
            "local_subnet_names": null,
            "name": "peer-luka.lukic-to-mgmt",
            "only_ipv6_peering_enabled": false,
            "peer_complete_virtual_networks_enabled": true,
            "remote_subnet_names": null,
            "remote_virtual_network_id": "/subscriptions/e4101d62-0536-4bd2-8dc8-e6693f134604/resourceGroups/ts-test-rg-shared/providers/Microsoft.Network/virtualNetworks/ts-test-vnet-mgmt",
            "resource_group_name": "ts-test-rg-luka.lukic",
            "timeouts": null,
            "triggers": null,
            "use_remote_gateways": false,
            "virtual_network_name": "ts-test-vnet-luka.lukic"
          },
          "sensitive_attributes": [],
          "identity_schema_version": 0,
          "private": "eyJlMmJmYjczMC1lY2FhLTExZTYtOGY4OC0zNDM2M2JjN2M0YzAiOnsiY3JlYXRlIjoxODAwMDAwMDAwMDAwLCJkZWxldGUiOjE4MDAwMDAwMDAwMDAsInJlYWQiOjMwMDAwMDAwMDAwMCwidXBkYXRlIjoxODAwMDAwMDAwMDAwfX0=",
          "dependencies": [
            "azurerm_resource_group.dev",
            "azurerm_resource_group.shared",
            "azurerm_virtual_network.dev",
            "azurerm_virtual_network.mgmt"
          ]
        },
        {
          "index_key": "marko.markovic",
          "schema_version": 0,
          "attributes": {
            "allow_forwarded_traffic": false,
            "allow_gateway_transit": false,
            "allow_virtual_network_access": true,
            "id": "/subscriptions/e4101d62-0536-4bd2-8dc8-e6693f134604/resourceGroups/ts-test-rg-marko.markovic/providers/Microsoft.Network/virtualNetworks/ts-test-vnet-marko.markovic/virtualNetworkPeerings/peer-marko.markovic-to-mgmt",
            "local_subnet_names": null,
            "name": "peer-marko.markovic-to-mgmt",
            "only_ipv6_peering_enabled": false,
            "peer_complete_virtual_networks_enabled": true,
            "remote_subnet_names": null,
            "remote_virtual_network_id": "/subscriptions/e4101d62-0536-4bd2-8dc8-e6693f134604/resourceGroups/ts-test-rg-shared/providers/Microsoft.Network/virtualNetworks/ts-test-vnet-mgmt",
            "resource_group_name": "ts-test-rg-marko.markovic",
            "timeouts": null,
            "triggers": null,
            "use_remote_gateways": false,
            "virtual_network_name": "ts-test-vnet-marko.markovic"
          },
          "sensitive_attributes": [],
          "identity_schema_version": 0,
          "private": "eyJlMmJmYjczMC1lY2FhLTExZTYtOGY4OC0zNDM2M2JjN2M0YzAiOnsiY3JlYXRlIjoxODAwMDAwMDAwMDAwLCJkZWxldGUiOjE4MDAwMDAwMDAwMDAsInJlYWQiOjMwMDAwMDAwMDAwMCwidXBkYXRlIjoxODAwMDAwMDAwMDAwfX0=",
          "dependencies": [
            "azurerm_resource_group.dev",
            "azurerm_resource_group.shared",
            "azurerm_virtual_network.dev",
            "azurerm_virtual_network.mgmt"
          ]
        }
      ]
    },
    {
      "mode": "managed",
      "type": "azurerm_virtual_network_peering",
      "name": "mgmt_to_dev",
      "provider": "provider[\"registry.terraform.io/hashicorp/azurerm\"]",
      "instances": [
        {
          "index_key": "luka.lukic",
          "schema_version": 0,
          "attributes": {
            "allow_forwarded_traffic": false,
            "allow_gateway_transit": false,
            "allow_virtual_network_access": true,
            "id": "/subscriptions/e4101d62-0536-4bd2-8dc8-e6693f134604/resourceGroups/ts-test-rg-shared/providers/Microsoft.Network/virtualNetworks/ts-test-vnet-mgmt/virtualNetworkPeerings/peer-mgmt-to-luka.lukic",
            "local_subnet_names": null,
            "name": "peer-mgmt-to-luka.lukic",
            "only_ipv6_peering_enabled": false,
            "peer_complete_virtual_networks_enabled": true,
            "remote_subnet_names": null,
            "remote_virtual_network_id": "/subscriptions/e4101d62-0536-4bd2-8dc8-e6693f134604/resourceGroups/ts-test-rg-luka.lukic/providers/Microsoft.Network/virtualNetworks/ts-test-vnet-luka.lukic",
            "resource_group_name": "ts-test-rg-shared",
            "timeouts": null,
            "triggers": null,
            "use_remote_gateways": false,
            "virtual_network_name": "ts-test-vnet-mgmt"
          },
          "sensitive_attributes": [],
          "identity_schema_version": 0,
          "private": "eyJlMmJmYjczMC1lY2FhLTExZTYtOGY4OC0zNDM2M2JjN2M0YzAiOnsiY3JlYXRlIjoxODAwMDAwMDAwMDAwLCJkZWxldGUiOjE4MDAwMDAwMDAwMDAsInJlYWQiOjMwMDAwMDAwMDAwMCwidXBkYXRlIjoxODAwMDAwMDAwMDAwfX0=",
          "dependencies": [
            "azurerm_resource_group.dev",
            "azurerm_resource_group.shared",
            "azurerm_virtual_network.dev",
            "azurerm_virtual_network.mgmt"
          ]
        },
        {
          "index_key": "marko.markovic",
          "schema_version": 0,
          "attributes": {
            "allow_forwarded_traffic": false,
            "allow_gateway_transit": false,
            "allow_virtual_network_access": true,
            "id": "/subscriptions/e4101d62-0536-4bd2-8dc8-e6693f134604/resourceGroups/ts-test-rg-shared/providers/Microsoft.Network/virtualNetworks/ts-test-vnet-mgmt/virtualNetworkPeerings/peer-mgmt-to-marko.markovic",
            "local_subnet_names": null,
            "name": "peer-mgmt-to-marko.markovic",
            "only_ipv6_peering_enabled": false,
            "peer_complete_virtual_networks_enabled": true,
            "remote_subnet_names": null,
            "remote_virtual_network_id": "/subscriptions/e4101d62-0536-4bd2-8dc8-e6693f134604/resourceGroups/ts-test-rg-marko.markovic/providers/Microsoft.Network/virtualNetworks/ts-test-vnet-marko.markovic",
            "resource_group_name": "ts-test-rg-shared",
            "timeouts": null,
            "triggers": null,
            "use_remote_gateways": false,
            "virtual_network_name": "ts-test-vnet-mgmt"
          },
          "sensitive_attributes": [],
          "identity_schema_version": 0,
          "private": "eyJlMmJmYjczMC1lY2FhLTExZTYtOGY4OC0zNDM2M2JjN2M0YzAiOnsiY3JlYXRlIjoxODAwMDAwMDAwMDAwLCJkZWxldGUiOjE4MDAwMDAwMDAwMDAsInJlYWQiOjMwMDAwMDAwMDAwMCwidXBkYXRlIjoxODAwMDAwMDAwMDAwfX0=",
          "dependencies": [
            "azurerm_resource_group.dev",
            "azurerm_resource_group.shared",
            "azurerm_virtual_network.dev",
            "azurerm_virtual_network.mgmt"
          ]
        }
      ]
    }
  ],
  "check_results": null
}
